// !$*UTF8*$!
{
	archiveVersion = 1;
	classes = {
	};
	objectVersion = 46;
	objects = {

/* Begin PBXBuildFile section */
		E73843E21789E24800E8EA7A /* KCError.m in Sources */ = {isa = PBXBuildFile; fileRef = E73843E11789E24800E8EA7A /* KCError.m */; };
		E73843E51789F40D00E8EA7A /* KCJSONError.m in Sources */ = {isa = PBXBuildFile; fileRef = E73843E41789F40D00E8EA7A /* KCJSONError.m */; };
		E7384460178A036900E8EA7A /* KCError.h in CopyFiles */ = {isa = PBXBuildFile; fileRef = E73843E01789E24800E8EA7A /* KCError.h */; };
		E7384461178A036900E8EA7A /* KCJSONError.h in CopyFiles */ = {isa = PBXBuildFile; fileRef = E73843E31789F40D00E8EA7A /* KCJSONError.h */; };
		E7384462178A036900E8EA7A /* KCBlockHandler.h in CopyFiles */ = {isa = PBXBuildFile; fileRef = E76BA20F1776BDA4001EDCCA /* KCBlockHandler.h */; };
		E7384463178A036900E8EA7A /* NSArray+Extension.h in CopyFiles */ = {isa = PBXBuildFile; fileRef = E76BA20D1776B784001EDCCA /* NSArray+Extension.h */; };
		E7384464178A036900E8EA7A /* NSArray+KCServices.h in CopyFiles */ = {isa = PBXBuildFile; fileRef = E76BA20A17765819001EDCCA /* NSArray+KCServices.h */; };
		E73844CB178A4E8A00E8EA7A /* NSString+KCJSONSerialization.m in Sources */ = {isa = PBXBuildFile; fileRef = E73844CA178A4E8A00E8EA7A /* NSString+KCJSONSerialization.m */; };
		E73844CE178A559400E8EA7A /* NSArray+KCJSONSerialization.m in Sources */ = {isa = PBXBuildFile; fileRef = E73844CD178A559300E8EA7A /* NSArray+KCJSONSerialization.m */; };
		E73844D1178A579000E8EA7A /* NSDictionary+KCJSONSerialization.m in Sources */ = {isa = PBXBuildFile; fileRef = E73844D0178A578F00E8EA7A /* NSDictionary+KCJSONSerialization.m */; };
		E73844D4178A5AC100E8EA7A /* NSData+KCJSONSerialization.m in Sources */ = {isa = PBXBuildFile; fileRef = E73844D3178A5AC100E8EA7A /* NSData+KCJSONSerialization.m */; };
		E73844E4178A614100E8EA7A /* NSObject+KCJSONSerialization.m in Sources */ = {isa = PBXBuildFile; fileRef = E73844E3178A614100E8EA7A /* NSObject+KCJSONSerialization.m */; };
		E73844E8178A62B900E8EA7A /* NSDictionary+KCParseJSON.m in Sources */ = {isa = PBXBuildFile; fileRef = E73844E7178A62B900E8EA7A /* NSDictionary+KCParseJSON.m */; };
		E73844EA178A761100E8EA7A /* NSString+KCJSONSerialization.h in CopyFiles */ = {isa = PBXBuildFile; fileRef = E73844C9178A4E8A00E8EA7A /* NSString+KCJSONSerialization.h */; };
		E73844EB178A761100E8EA7A /* NSArray+KCJSONSerialization.h in CopyFiles */ = {isa = PBXBuildFile; fileRef = E73844CC178A559300E8EA7A /* NSArray+KCJSONSerialization.h */; };
		E73844EC178A761100E8EA7A /* NSDictionary+KCJSONSerialization.h in CopyFiles */ = {isa = PBXBuildFile; fileRef = E73844CF178A578F00E8EA7A /* NSDictionary+KCJSONSerialization.h */; };
		E73844ED178A761100E8EA7A /* NSData+KCJSONSerialization.h in CopyFiles */ = {isa = PBXBuildFile; fileRef = E73844D2178A5AC000E8EA7A /* NSData+KCJSONSerialization.h */; };
		E73844EE178A761100E8EA7A /* NSObject+KCJSONSerialization.h in CopyFiles */ = {isa = PBXBuildFile; fileRef = E73844E2178A614100E8EA7A /* NSObject+KCJSONSerialization.h */; };
		E73844EF178A761100E8EA7A /* NSDictionary+KCParseJSON.h in CopyFiles */ = {isa = PBXBuildFile; fileRef = E73844E6178A62B800E8EA7A /* NSDictionary+KCParseJSON.h */; };
		E73844F0178A761100E8EA7A /* KCJSON.h in CopyFiles */ = {isa = PBXBuildFile; fileRef = E73844E9178A757F00E8EA7A /* KCJSON.h */; };
		E73E354C178D0D6A0079DEFB /* KCHTTPURLResponseHandler.m in Sources */ = {isa = PBXBuildFile; fileRef = E73E354B178D0D6A0079DEFB /* KCHTTPURLResponseHandler.m */; };
		E73E3550178D144D0079DEFB /* KCErrorResponse.m in Sources */ = {isa = PBXBuildFile; fileRef = E73E354F178D144D0079DEFB /* KCErrorResponse.m */; };
		E73E3553178D15BE0079DEFB /* KCHTTPURLResponse.m in Sources */ = {isa = PBXBuildFile; fileRef = E73E3552178D15BE0079DEFB /* KCHTTPURLResponse.m */; };
		E73E3557178D23420079DEFB /* KCURLConnectiontimerManager.m in Sources */ = {isa = PBXBuildFile; fileRef = E73E3556178D23420079DEFB /* KCURLConnectiontimerManager.m */; };
		E73E355B178D259A0079DEFB /* KCURLConnectionThreadManager.m in Sources */ = {isa = PBXBuildFile; fileRef = E73E355A178D259A0079DEFB /* KCURLConnectionThreadManager.m */; };
		E768624617910BB000A7F221 /* KCGeometry.m in Sources */ = {isa = PBXBuildFile; fileRef = E768624517910BB000A7F221 /* KCGeometry.m */; };
		E768624917910C5600A7F221 /* UIView+KCServices.m in Sources */ = {isa = PBXBuildFile; fileRef = E768624817910C5600A7F221 /* UIView+KCServices.m */; };
		E76BA1F3177653AF001EDCCA /* Foundation.framework in Frameworks */ = {isa = PBXBuildFile; fileRef = E76BA1F2177653AF001EDCCA /* Foundation.framework */; };
		E76BA20C17765819001EDCCA /* NSArray+KCServices.m in Sources */ = {isa = PBXBuildFile; fileRef = E76BA20B17765819001EDCCA /* NSArray+KCServices.m */; };
		E76BA2111776BDA5001EDCCA /* KCBlockHandler.m in Sources */ = {isa = PBXBuildFile; fileRef = E76BA2101776BDA5001EDCCA /* KCBlockHandler.m */; };
		E76D1213178BC26A00A4469B /* KCURLConnection.m in Sources */ = {isa = PBXBuildFile; fileRef = E76D1212178BC26A00A4469B /* KCURLConnection.m */; };
		E76D1218178BC41100A4469B /* KCURLConnectionDelegate.m in Sources */ = {isa = PBXBuildFile; fileRef = E76D1217178BC41100A4469B /* KCURLConnectionDelegate.m */; };
		E76D121B178BCAB200A4469B /* KCMutableURLRequest.m in Sources */ = {isa = PBXBuildFile; fileRef = E76D121A178BCAB200A4469B /* KCMutableURLRequest.m */; };
		E76D1221178BD7DB00A4469B /* KCHTTPError.m in Sources */ = {isa = PBXBuildFile; fileRef = E76D1220178BD7DB00A4469B /* KCHTTPError.m */; };
/* End PBXBuildFile section */

/* Begin PBXCopyFilesBuildPhase section */
		E76BA1ED177653AF001EDCCA /* CopyFiles */ = {
			isa = PBXCopyFilesBuildPhase;
			buildActionMask = 12;
			dstPath = "include/${PRODUCT_NAME}";
			dstSubfolderSpec = 16;
			files = (
				E73844EA178A761100E8EA7A /* NSString+KCJSONSerialization.h in CopyFiles */,
				E73844EB178A761100E8EA7A /* NSArray+KCJSONSerialization.h in CopyFiles */,
				E73844EC178A761100E8EA7A /* NSDictionary+KCJSONSerialization.h in CopyFiles */,
				E73844ED178A761100E8EA7A /* NSData+KCJSONSerialization.h in CopyFiles */,
				E73844EE178A761100E8EA7A /* NSObject+KCJSONSerialization.h in CopyFiles */,
				E73844EF178A761100E8EA7A /* NSDictionary+KCParseJSON.h in CopyFiles */,
				E73844F0178A761100E8EA7A /* KCJSON.h in CopyFiles */,
				E7384460178A036900E8EA7A /* KCError.h in CopyFiles */,
				E7384461178A036900E8EA7A /* KCJSONError.h in CopyFiles */,
				E7384462178A036900E8EA7A /* KCBlockHandler.h in CopyFiles */,
				E7384463178A036900E8EA7A /* NSArray+Extension.h in CopyFiles */,
				E7384464178A036900E8EA7A /* NSArray+KCServices.h in CopyFiles */,
			);
			runOnlyForDeploymentPostprocessing = 0;
		};
/* End PBXCopyFilesBuildPhase section */

/* Begin PBXFileReference section */
		E73843E01789E24800E8EA7A /* KCError.h */ = {isa = PBXFileReference; fileEncoding = 4; lastKnownFileType = sourcecode.c.h; path = KCError.h; sourceTree = "<group>"; };
		E73843E11789E24800E8EA7A /* KCError.m */ = {isa = PBXFileReference; fileEncoding = 4; lastKnownFileType = sourcecode.c.objc; path = KCError.m; sourceTree = "<group>"; };
		E73843E31789F40D00E8EA7A /* KCJSONError.h */ = {isa = PBXFileReference; fileEncoding = 4; lastKnownFileType = sourcecode.c.h; path = KCJSONError.h; sourceTree = "<group>"; };
		E73843E41789F40D00E8EA7A /* KCJSONError.m */ = {isa = PBXFileReference; fileEncoding = 4; lastKnownFileType = sourcecode.c.objc; path = KCJSONError.m; sourceTree = "<group>"; };
		E73844C9178A4E8A00E8EA7A /* NSString+KCJSONSerialization.h */ = {isa = PBXFileReference; fileEncoding = 4; lastKnownFileType = sourcecode.c.h; path = "NSString+KCJSONSerialization.h"; sourceTree = "<group>"; };
		E73844CA178A4E8A00E8EA7A /* NSString+KCJSONSerialization.m */ = {isa = PBXFileReference; fileEncoding = 4; lastKnownFileType = sourcecode.c.objc; path = "NSString+KCJSONSerialization.m"; sourceTree = "<group>"; };
		E73844CC178A559300E8EA7A /* NSArray+KCJSONSerialization.h */ = {isa = PBXFileReference; fileEncoding = 4; lastKnownFileType = sourcecode.c.h; path = "NSArray+KCJSONSerialization.h"; sourceTree = "<group>"; };
		E73844CD178A559300E8EA7A /* NSArray+KCJSONSerialization.m */ = {isa = PBXFileReference; fileEncoding = 4; lastKnownFileType = sourcecode.c.objc; path = "NSArray+KCJSONSerialization.m"; sourceTree = "<group>"; };
		E73844CF178A578F00E8EA7A /* NSDictionary+KCJSONSerialization.h */ = {isa = PBXFileReference; fileEncoding = 4; lastKnownFileType = sourcecode.c.h; path = "NSDictionary+KCJSONSerialization.h"; sourceTree = "<group>"; };
		E73844D0178A578F00E8EA7A /* NSDictionary+KCJSONSerialization.m */ = {isa = PBXFileReference; fileEncoding = 4; lastKnownFileType = sourcecode.c.objc; path = "NSDictionary+KCJSONSerialization.m"; sourceTree = "<group>"; };
		E73844D2178A5AC000E8EA7A /* NSData+KCJSONSerialization.h */ = {isa = PBXFileReference; fileEncoding = 4; lastKnownFileType = sourcecode.c.h; path = "NSData+KCJSONSerialization.h"; sourceTree = "<group>"; };
		E73844D3178A5AC100E8EA7A /* NSData+KCJSONSerialization.m */ = {isa = PBXFileReference; fileEncoding = 4; lastKnownFileType = sourcecode.c.objc; path = "NSData+KCJSONSerialization.m"; sourceTree = "<group>"; };
		E73844E2178A614100E8EA7A /* NSObject+KCJSONSerialization.h */ = {isa = PBXFileReference; fileEncoding = 4; lastKnownFileType = sourcecode.c.h; path = "NSObject+KCJSONSerialization.h"; sourceTree = "<group>"; };
		E73844E3178A614100E8EA7A /* NSObject+KCJSONSerialization.m */ = {isa = PBXFileReference; fileEncoding = 4; lastKnownFileType = sourcecode.c.objc; path = "NSObject+KCJSONSerialization.m"; sourceTree = "<group>"; };
		E73844E6178A62B800E8EA7A /* NSDictionary+KCParseJSON.h */ = {isa = PBXFileReference; fileEncoding = 4; lastKnownFileType = sourcecode.c.h; path = "NSDictionary+KCParseJSON.h"; sourceTree = "<group>"; };
		E73844E7178A62B900E8EA7A /* NSDictionary+KCParseJSON.m */ = {isa = PBXFileReference; fileEncoding = 4; lastKnownFileType = sourcecode.c.objc; path = "NSDictionary+KCParseJSON.m"; sourceTree = "<group>"; };
		E73844E9178A757F00E8EA7A /* KCJSON.h */ = {isa = PBXFileReference; lastKnownFileType = sourcecode.c.h; path = KCJSON.h; sourceTree = "<group>"; };
		E73E354A178D0D6A0079DEFB /* KCHTTPURLResponseHandler.h */ = {isa = PBXFileReference; fileEncoding = 4; lastKnownFileType = sourcecode.c.h; path = KCHTTPURLResponseHandler.h; sourceTree = "<group>"; };
		E73E354B178D0D6A0079DEFB /* KCHTTPURLResponseHandler.m */ = {isa = PBXFileReference; fileEncoding = 4; lastKnownFileType = sourcecode.c.objc; path = KCHTTPURLResponseHandler.m; sourceTree = "<group>"; };
		E73E354E178D144D0079DEFB /* KCErrorResponse.h */ = {isa = PBXFileReference; fileEncoding = 4; lastKnownFileType = sourcecode.c.h; path = KCErrorResponse.h; sourceTree = "<group>"; };
		E73E354F178D144D0079DEFB /* KCErrorResponse.m */ = {isa = PBXFileReference; fileEncoding = 4; lastKnownFileType = sourcecode.c.objc; path = KCErrorResponse.m; sourceTree = "<group>"; };
		E73E3551178D15BE0079DEFB /* KCHTTPURLResponse.h */ = {isa = PBXFileReference; fileEncoding = 4; lastKnownFileType = sourcecode.c.h; path = KCHTTPURLResponse.h; sourceTree = "<group>"; };
		E73E3552178D15BE0079DEFB /* KCHTTPURLResponse.m */ = {isa = PBXFileReference; fileEncoding = 4; lastKnownFileType = sourcecode.c.objc; path = KCHTTPURLResponse.m; sourceTree = "<group>"; };
		E73E3555178D23420079DEFB /* KCURLConnectiontimerManager.h */ = {isa = PBXFileReference; fileEncoding = 4; lastKnownFileType = sourcecode.c.h; path = KCURLConnectiontimerManager.h; sourceTree = "<group>"; };
		E73E3556178D23420079DEFB /* KCURLConnectiontimerManager.m */ = {isa = PBXFileReference; fileEncoding = 4; lastKnownFileType = sourcecode.c.objc; path = KCURLConnectiontimerManager.m; sourceTree = "<group>"; };
		E73E3559178D259A0079DEFB /* KCURLConnectionThreadManager.h */ = {isa = PBXFileReference; fileEncoding = 4; lastKnownFileType = sourcecode.c.h; path = KCURLConnectionThreadManager.h; sourceTree = "<group>"; };
		E73E355A178D259A0079DEFB /* KCURLConnectionThreadManager.m */ = {isa = PBXFileReference; fileEncoding = 4; lastKnownFileType = sourcecode.c.objc; path = KCURLConnectionThreadManager.m; sourceTree = "<group>"; };
		E768624417910BB000A7F221 /* KCGeometry.h */ = {isa = PBXFileReference; fileEncoding = 4; lastKnownFileType = sourcecode.c.h; path = KCGeometry.h; sourceTree = "<group>"; };
		E768624517910BB000A7F221 /* KCGeometry.m */ = {isa = PBXFileReference; fileEncoding = 4; lastKnownFileType = sourcecode.c.objc; path = KCGeometry.m; sourceTree = "<group>"; };
		E768624717910C5600A7F221 /* UIView+KCServices.h */ = {isa = PBXFileReference; fileEncoding = 4; lastKnownFileType = sourcecode.c.h; path = "UIView+KCServices.h"; sourceTree = "<group>"; };
		E768624817910C5600A7F221 /* UIView+KCServices.m */ = {isa = PBXFileReference; fileEncoding = 4; lastKnownFileType = sourcecode.c.objc; path = "UIView+KCServices.m"; sourceTree = "<group>"; };
		E76BA1EF177653AF001EDCCA /* libKCLibrary.a */ = {isa = PBXFileReference; explicitFileType = archive.ar; includeInIndex = 0; path = libKCLibrary.a; sourceTree = BUILT_PRODUCTS_DIR; };
		E76BA1F2177653AF001EDCCA /* Foundation.framework */ = {isa = PBXFileReference; lastKnownFileType = wrapper.framework; name = Foundation.framework; path = System/Library/Frameworks/Foundation.framework; sourceTree = SDKROOT; };
		E76BA1F6177653AF001EDCCA /* KCLibrary-Prefix.pch */ = {isa = PBXFileReference; lastKnownFileType = sourcecode.c.h; path = "KCLibrary-Prefix.pch"; sourceTree = "<group>"; };
		E76BA20A17765819001EDCCA /* NSArray+KCServices.h */ = {isa = PBXFileReference; fileEncoding = 4; lastKnownFileType = sourcecode.c.h; path = "NSArray+KCServices.h"; sourceTree = "<group>"; };
		E76BA20B17765819001EDCCA /* NSArray+KCServices.m */ = {isa = PBXFileReference; fileEncoding = 4; lastKnownFileType = sourcecode.c.objc; path = "NSArray+KCServices.m"; sourceTree = "<group>"; };
		E76BA20D1776B784001EDCCA /* NSArray+Extension.h */ = {isa = PBXFileReference; lastKnownFileType = sourcecode.c.h; path = "NSArray+Extension.h"; sourceTree = "<group>"; };
		E76BA20F1776BDA4001EDCCA /* KCBlockHandler.h */ = {isa = PBXFileReference; fileEncoding = 4; lastKnownFileType = sourcecode.c.h; path = KCBlockHandler.h; sourceTree = "<group>"; };
		E76BA2101776BDA5001EDCCA /* KCBlockHandler.m */ = {isa = PBXFileReference; fileEncoding = 4; lastKnownFileType = sourcecode.c.objc; path = KCBlockHandler.m; sourceTree = "<group>"; };
		E76D1211178BC26A00A4469B /* KCURLConnection.h */ = {isa = PBXFileReference; fileEncoding = 4; lastKnownFileType = sourcecode.c.h; path = KCURLConnection.h; sourceTree = "<group>"; };
		E76D1212178BC26A00A4469B /* KCURLConnection.m */ = {isa = PBXFileReference; fileEncoding = 4; lastKnownFileType = sourcecode.c.objc; path = KCURLConnection.m; sourceTree = "<group>"; };
		E76D1216178BC41100A4469B /* KCURLConnectionDelegate.h */ = {isa = PBXFileReference; fileEncoding = 4; lastKnownFileType = sourcecode.c.h; path = KCURLConnectionDelegate.h; sourceTree = "<group>"; };
		E76D1217178BC41100A4469B /* KCURLConnectionDelegate.m */ = {isa = PBXFileReference; fileEncoding = 4; lastKnownFileType = sourcecode.c.objc; path = KCURLConnectionDelegate.m; sourceTree = "<group>"; };
		E76D1219178BCAB200A4469B /* KCMutableURLRequest.h */ = {isa = PBXFileReference; fileEncoding = 4; lastKnownFileType = sourcecode.c.h; path = KCMutableURLRequest.h; sourceTree = "<group>"; };
		E76D121A178BCAB200A4469B /* KCMutableURLRequest.m */ = {isa = PBXFileReference; fileEncoding = 4; lastKnownFileType = sourcecode.c.objc; path = KCMutableURLRequest.m; sourceTree = "<group>"; };
		E76D121D178BD59C00A4469B /* KCLog.h */ = {isa = PBXFileReference; lastKnownFileType = sourcecode.c.h; path = KCLog.h; sourceTree = "<group>"; };
		E76D121F178BD7DB00A4469B /* KCHTTPError.h */ = {isa = PBXFileReference; fileEncoding = 4; lastKnownFileType = sourcecode.c.h; path = KCHTTPError.h; sourceTree = "<group>"; };
		E76D1220178BD7DB00A4469B /* KCHTTPError.m */ = {isa = PBXFileReference; fileEncoding = 4; lastKnownFileType = sourcecode.c.objc; path = KCHTTPError.m; sourceTree = "<group>"; };
/* End PBXFileReference section */

/* Begin PBXFrameworksBuildPhase section */
		E76BA1EC177653AF001EDCCA /* Frameworks */ = {
			isa = PBXFrameworksBuildPhase;
			buildActionMask = 2147483647;
			files = (
				E76BA1F3177653AF001EDCCA /* Foundation.framework in Frameworks */,
			);
			runOnlyForDeploymentPostprocessing = 0;
		};
/* End PBXFrameworksBuildPhase section */

/* Begin PBXGroup section */
		E73843DE1789E23600E8EA7A /* KCError */ = {
			isa = PBXGroup;
			children = (
				E73843E01789E24800E8EA7A /* KCError.h */,
				E73843E11789E24800E8EA7A /* KCError.m */,
			);
			path = KCError;
			sourceTree = "<group>";
		};
		E73E3548178D0D330079DEFB /* KCHTTPURLResponse */ = {
			isa = PBXGroup;
			children = (
				E73E3551178D15BE0079DEFB /* KCHTTPURLResponse.h */,
				E73E3552178D15BE0079DEFB /* KCHTTPURLResponse.m */,
			);
			path = KCHTTPURLResponse;
			sourceTree = "<group>";
		};
		E73E3549178D0D330079DEFB /* KCHTTPURLResponseHandler */ = {
			isa = PBXGroup;
			children = (
				E73E354A178D0D6A0079DEFB /* KCHTTPURLResponseHandler.h */,
				E73E354B178D0D6A0079DEFB /* KCHTTPURLResponseHandler.m */,
			);
			path = KCHTTPURLResponseHandler;
			sourceTree = "<group>";
		};
		E73E354D178D14370079DEFB /* KCErrorResponse */ = {
			isa = PBXGroup;
			children = (
				E73E354E178D144D0079DEFB /* KCErrorResponse.h */,
				E73E354F178D144D0079DEFB /* KCErrorResponse.m */,
			);
			path = KCErrorResponse;
			sourceTree = "<group>";
		};
		E73E3554178D23280079DEFB /* KCURLConnectionTimerManager */ = {
			isa = PBXGroup;
			children = (
				E73E3555178D23420079DEFB /* KCURLConnectiontimerManager.h */,
				E73E3556178D23420079DEFB /* KCURLConnectiontimerManager.m */,
			);
			path = KCURLConnectionTimerManager;
			sourceTree = "<group>";
		};
		E73E3558178D25750079DEFB /* KCURLConnectionThreadManager */ = {
			isa = PBXGroup;
			children = (
				E73E3559178D259A0079DEFB /* KCURLConnectionThreadManager.h */,
				E73E355A178D259A0079DEFB /* KCURLConnectionThreadManager.m */,
			);
			path = KCURLConnectionThreadManager;
			sourceTree = "<group>";
		};
		E768623E17910B7A00A7F221 /* View */ = {
			isa = PBXGroup;
			children = (
				E768623F17910B7A00A7F221 /* KCView */,
			);
			path = View;
			sourceTree = "<group>";
		};
		E768623F17910B7A00A7F221 /* KCView */ = {
			isa = PBXGroup;
			children = (
				E768624417910BB000A7F221 /* KCGeometry.h */,
				E768624517910BB000A7F221 /* KCGeometry.m */,
				E768624717910C5600A7F221 /* UIView+KCServices.h */,
				E768624817910C5600A7F221 /* UIView+KCServices.m */,
			);
			path = KCView;
			sourceTree = "<group>";
		};
		E76BA1E4177653AF001EDCCA = {
			isa = PBXGroup;
			children = (
				E76BA1F4177653AF001EDCCA /* KCLibrary */,
				E76BA1F1177653AF001EDCCA /* Frameworks */,
				E76BA1F0177653AF001EDCCA /* Products */,
			);
			sourceTree = "<group>";
		};
		E76BA1F0177653AF001EDCCA /* Products */ = {
			isa = PBXGroup;
			children = (
				E76BA1EF177653AF001EDCCA /* libKCLibrary.a */,
			);
			name = Products;
			sourceTree = "<group>";
		};
		E76BA1F1177653AF001EDCCA /* Frameworks */ = {
			isa = PBXGroup;
			children = (
				E76BA1F2177653AF001EDCCA /* Foundation.framework */,
			);
			name = Frameworks;
			sourceTree = "<group>";
		};
		E76BA1F4177653AF001EDCCA /* KCLibrary */ = {
			isa = PBXGroup;
			children = (
				E76BA20517765604001EDCCA /* General */,
				E76BA1F5177653AF001EDCCA /* Supporting Files */,
			);
			path = KCLibrary;
			sourceTree = "<group>";
		};
		E76BA1F5177653AF001EDCCA /* Supporting Files */ = {
			isa = PBXGroup;
			children = (
				E76BA1F6177653AF001EDCCA /* KCLibrary-Prefix.pch */,
			);
			name = "Supporting Files";
			sourceTree = "<group>";
		};
		E76BA20517765604001EDCCA /* General */ = {
			isa = PBXGroup;
			children = (
				E768623E17910B7A00A7F221 /* View */,
				E73E354D178D14370079DEFB /* KCErrorResponse */,
				E76D121C178BD57C00A4469B /* KCGlobal */,
				E76D120E178BC1E300A4469B /* KCHTTP */,
				E73843DE1789E23600E8EA7A /* KCError */,
				E772EA761789DD3900C164EF /* KCJSON */,
				E76BA20E1776BD87001EDCCA /* KCBlockHandler */,
				E76BA209177657B4001EDCCA /* KCArray */,
			);
			path = General;
			sourceTree = "<group>";
		};
		E76BA209177657B4001EDCCA /* KCArray */ = {
			isa = PBXGroup;
			children = (
				E76BA20D1776B784001EDCCA /* NSArray+Extension.h */,
				E76BA20A17765819001EDCCA /* NSArray+KCServices.h */,
				E76BA20B17765819001EDCCA /* NSArray+KCServices.m */,
			);
			path = KCArray;
			sourceTree = "<group>";
		};
		E76BA20E1776BD87001EDCCA /* KCBlockHandler */ = {
			isa = PBXGroup;
			children = (
				E76BA20F1776BDA4001EDCCA /* KCBlockHandler.h */,
				E76BA2101776BDA5001EDCCA /* KCBlockHandler.m */,
			);
			path = KCBlockHandler;
			sourceTree = "<group>";
		};
		E76D120E178BC1E300A4469B /* KCHTTP */ = {
			isa = PBXGroup;
			children = (
				E73E3558178D25750079DEFB /* KCURLConnectionThreadManager */,
				E73E3554178D23280079DEFB /* KCURLConnectionTimerManager */,
				E73E3548178D0D330079DEFB /* KCHTTPURLResponse */,
				E73E3549178D0D330079DEFB /* KCHTTPURLResponseHandler */,
				E76D121E178BD7C500A4469B /* KCHTTPError */,
				E76D1214178BC40000A4469B /* KCMutableURLRequest */,
				E76D1215178BC40000A4469B /* KCURLConnectionDelegate */,
				E76D120F178BC1E300A4469B /* KCURLConnection */,
			);
			path = KCHTTP;
			sourceTree = "<group>";
		};
		E76D120F178BC1E300A4469B /* KCURLConnection */ = {
			isa = PBXGroup;
			children = (
				E76D1211178BC26A00A4469B /* KCURLConnection.h */,
				E76D1212178BC26A00A4469B /* KCURLConnection.m */,
			);
			path = KCURLConnection;
			sourceTree = "<group>";
		};
		E76D1214178BC40000A4469B /* KCMutableURLRequest */ = {
			isa = PBXGroup;
			children = (
				E76D1219178BCAB200A4469B /* KCMutableURLRequest.h */,
				E76D121A178BCAB200A4469B /* KCMutableURLRequest.m */,
			);
			path = KCMutableURLRequest;
			sourceTree = "<group>";
		};
		E76D1215178BC40000A4469B /* KCURLConnectionDelegate */ = {
			isa = PBXGroup;
			children = (
				E76D1216178BC41100A4469B /* KCURLConnectionDelegate.h */,
				E76D1217178BC41100A4469B /* KCURLConnectionDelegate.m */,
			);
			path = KCURLConnectionDelegate;
			sourceTree = "<group>";
		};
		E76D121C178BD57C00A4469B /* KCGlobal */ = {
			isa = PBXGroup;
			children = (
				E76D121D178BD59C00A4469B /* KCLog.h */,
			);
			path = KCGlobal;
			sourceTree = "<group>";
		};
		E76D121E178BD7C500A4469B /* KCHTTPError */ = {
			isa = PBXGroup;
			children = (
				E76D121F178BD7DB00A4469B /* KCHTTPError.h */,
				E76D1220178BD7DB00A4469B /* KCHTTPError.m */,
			);
			path = KCHTTPError;
			sourceTree = "<group>";
		};
		E772EA761789DD3900C164EF /* KCJSON */ = {
			isa = PBXGroup;
			children = (
				E73843E31789F40D00E8EA7A /* KCJSONError.h */,
				E73843E41789F40D00E8EA7A /* KCJSONError.m */,
				E73844C9178A4E8A00E8EA7A /* NSString+KCJSONSerialization.h */,
				E73844CA178A4E8A00E8EA7A /* NSString+KCJSONSerialization.m */,
				E73844CC178A559300E8EA7A /* NSArray+KCJSONSerialization.h */,
				E73844CD178A559300E8EA7A /* NSArray+KCJSONSerialization.m */,
				E73844CF178A578F00E8EA7A /* NSDictionary+KCJSONSerialization.h */,
				E73844D0178A578F00E8EA7A /* NSDictionary+KCJSONSerialization.m */,
				E73844D2178A5AC000E8EA7A /* NSData+KCJSONSerialization.h */,
				E73844D3178A5AC100E8EA7A /* NSData+KCJSONSerialization.m */,
				E73844E2178A614100E8EA7A /* NSObject+KCJSONSerialization.h */,
				E73844E3178A614100E8EA7A /* NSObject+KCJSONSerialization.m */,
				E73844E6178A62B800E8EA7A /* NSDictionary+KCParseJSON.h */,
				E73844E7178A62B900E8EA7A /* NSDictionary+KCParseJSON.m */,
				E73844E9178A757F00E8EA7A /* KCJSON.h */,
			);
			name = KCJSON;
			path = KCJson;
			sourceTree = "<group>";
		};
/* End PBXGroup section */

/* Begin PBXNativeTarget section */
		E76BA1EE177653AF001EDCCA /* KCLibrary */ = {
			isa = PBXNativeTarget;
			buildConfigurationList = E76BA1FD177653AF001EDCCA /* Build configuration list for PBXNativeTarget "KCLibrary" */;
			buildPhases = (
				E76BA1EB177653AF001EDCCA /* Sources */,
				E76BA1EC177653AF001EDCCA /* Frameworks */,
				E76BA1ED177653AF001EDCCA /* CopyFiles */,
			);
			buildRules = (
			);
			dependencies = (
			);
			name = KCLibrary;
			productName = KCLibrary;
			productReference = E76BA1EF177653AF001EDCCA /* libKCLibrary.a */;
			productType = "com.apple.product-type.library.static";
		};
/* End PBXNativeTarget section */

/* Begin PBXProject section */
		E76BA1E6177653AF001EDCCA /* Project object */ = {
			isa = PBXProject;
			attributes = {
				LastUpgradeCheck = 0450;
				ORGANIZATIONNAME = "Shengzhe Chen";
			};
			buildConfigurationList = E76BA1E9177653AF001EDCCA /* Build configuration list for PBXProject "KCLibrary" */;
			compatibilityVersion = "Xcode 3.2";
			developmentRegion = English;
			hasScannedForEncodings = 0;
			knownRegions = (
				en,
			);
			mainGroup = E76BA1E4177653AF001EDCCA;
			productRefGroup = E76BA1F0177653AF001EDCCA /* Products */;
			projectDirPath = "";
			projectRoot = "";
			targets = (
				E76BA1EE177653AF001EDCCA /* KCLibrary */,
			);
		};
/* End PBXProject section */

/* Begin PBXSourcesBuildPhase section */
		E76BA1EB177653AF001EDCCA /* Sources */ = {
			isa = PBXSourcesBuildPhase;
			buildActionMask = 2147483647;
			files = (
				E76BA20C17765819001EDCCA /* NSArray+KCServices.m in Sources */,
				E76BA2111776BDA5001EDCCA /* KCBlockHandler.m in Sources */,
				E73843E21789E24800E8EA7A /* KCError.m in Sources */,
				E73843E51789F40D00E8EA7A /* KCJSONError.m in Sources */,
				E73844CB178A4E8A00E8EA7A /* NSString+KCJSONSerialization.m in Sources */,
				E73844CE178A559400E8EA7A /* NSArray+KCJSONSerialization.m in Sources */,
				E73844D1178A579000E8EA7A /* NSDictionary+KCJSONSerialization.m in Sources */,
				E73844D4178A5AC100E8EA7A /* NSData+KCJSONSerialization.m in Sources */,
				E73844E4178A614100E8EA7A /* NSObject+KCJSONSerialization.m in Sources */,
				E73844E8178A62B900E8EA7A /* NSDictionary+KCParseJSON.m in Sources */,
				E76D1213178BC26A00A4469B /* KCURLConnection.m in Sources */,
				E76D1218178BC41100A4469B /* KCURLConnectionDelegate.m in Sources */,
				E76D121B178BCAB200A4469B /* KCMutableURLRequest.m in Sources */,
				E76D1221178BD7DB00A4469B /* KCHTTPError.m in Sources */,
				E73E354C178D0D6A0079DEFB /* KCHTTPURLResponseHandler.m in Sources */,
				E73E3550178D144D0079DEFB /* KCErrorResponse.m in Sources */,
				E73E3553178D15BE0079DEFB /* KCHTTPURLResponse.m in Sources */,
				E73E3557178D23420079DEFB /* KCURLConnectiontimerManager.m in Sources */,
				E73E355B178D259A0079DEFB /* KCURLConnectionThreadManager.m in Sources */,
				E768624617910BB000A7F221 /* KCGeometry.m in Sources */,
				E768624917910C5600A7F221 /* UIView+KCServices.m in Sources */,
			);
			runOnlyForDeploymentPostprocessing = 0;
		};
/* End PBXSourcesBuildPhase section */

/* Begin XCBuildConfiguration section */
		E76BA1FB177653AF001EDCCA /* Debug */ = {
			isa = XCBuildConfiguration;
			buildSettings = {
				ALWAYS_SEARCH_USER_PATHS = NO;
				CLANG_CXX_LANGUAGE_STANDARD = "gnu++0x";
				CLANG_CXX_LIBRARY = "libc++";
				CLANG_ENABLE_OBJC_ARC = YES;
				CLANG_WARN_EMPTY_BODY = YES;
				CLANG_WARN__DUPLICATE_METHOD_MATCH = YES;
				COPY_PHASE_STRIP = NO;
				GCC_C_LANGUAGE_STANDARD = gnu99;
				GCC_DYNAMIC_NO_PIC = NO;
				GCC_OPTIMIZATION_LEVEL = 0;
				GCC_PREPROCESSOR_DEFINITIONS = (
					"DEBUG=1",
					"$(inherited)",
				);
				GCC_SYMBOLS_PRIVATE_EXTERN = NO;
				GCC_WARN_ABOUT_RETURN_TYPE = YES;
				GCC_WARN_UNINITIALIZED_AUTOS = YES;
				GCC_WARN_UNUSED_VARIABLE = YES;
				IPHONEOS_DEPLOYMENT_TARGET = 6.0;
				SDKROOT = iphoneos;
			};
			name = Debug;
		};
		E76BA1FC177653AF001EDCCA /* Release */ = {
			isa = XCBuildConfiguration;
			buildSettings = {
				ALWAYS_SEARCH_USER_PATHS = NO;
				CLANG_CXX_LANGUAGE_STANDARD = "gnu++0x";
				CLANG_CXX_LIBRARY = "libc++";
				CLANG_ENABLE_OBJC_ARC = YES;
				CLANG_WARN_EMPTY_BODY = YES;
				CLANG_WARN__DUPLICATE_METHOD_MATCH = YES;
				COPY_PHASE_STRIP = YES;
				GCC_C_LANGUAGE_STANDARD = gnu99;
				GCC_WARN_ABOUT_RETURN_TYPE = YES;
				GCC_WARN_UNINITIALIZED_AUTOS = YES;
				GCC_WARN_UNUSED_VARIABLE = YES;
				IPHONEOS_DEPLOYMENT_TARGET = 6.0;
				SDKROOT = iphoneos;
				VALIDATE_PRODUCT = YES;
			};
			name = Release;
		};
		E76BA1FE177653AF001EDCCA /* Debug */ = {
			isa = XCBuildConfiguration;
			buildSettings = {
				DSTROOT = /tmp/KCLibrary.dst;
				GCC_PRECOMPILE_PREFIX_HEADER = YES;
				GCC_PREFIX_HEADER = "KCLibrary/KCLibrary-Prefix.pch";
				OTHER_LDFLAGS = "-ObjC";
				PRODUCT_NAME = "$(TARGET_NAME)";
				SKIP_INSTALL = YES;
			};
			name = Debug;
		};
		E76BA1FF177653AF001EDCCA /* Release */ = {
			isa = XCBuildConfiguration;
			buildSettings = {
				DSTROOT = /tmp/KCLibrary.dst;
				GCC_PRECOMPILE_PREFIX_HEADER = YES;
				GCC_PREFIX_HEADER = "KCLibrary/KCLibrary-Prefix.pch";
				OTHER_LDFLAGS = "-ObjC";
				PRODUCT_NAME = "$(TARGET_NAME)";
				SKIP_INSTALL = YES;
			};
			name = Release;
		};
/* End XCBuildConfiguration section */

/* Begin XCConfigurationList section */
		E76BA1E9177653AF001EDCCA /* Build configuration list for PBXProject "KCLibrary" */ = {
			isa = XCConfigurationList;
			buildConfigurations = (
				E76BA1FB177653AF001EDCCA /* Debug */,
				E76BA1FC177653AF001EDCCA /* Release */,
			);
			defaultConfigurationIsVisible = 0;
			defaultConfigurationName = Release;
		};
		E76BA1FD177653AF001EDCCA /* Build configuration list for PBXNativeTarget "KCLibrary" */ = {
			isa = XCConfigurationList;
			buildConfigurations = (
				E76BA1FE177653AF001EDCCA /* Debug */,
				E76BA1FF177653AF001EDCCA /* Release */,
			);
			defaultConfigurationIsVisible = 0;
			defaultConfigurationName = Release;
		};
/* End XCConfigurationList section */
	};
	rootObject = E76BA1E6177653AF001EDCCA /* Project object */;
}
