// !$*UTF8*$!
{
	archiveVersion = 1;
	classes = {
	};
	objectVersion = 46;
	objects = {

/* Begin PBXBuildFile section */
		E73A02D41792866400DF1285 /* CoreLocation.framework in Frameworks */ = {isa = PBXBuildFile; fileRef = E73A02D31792866400DF1285 /* CoreLocation.framework */; };
		E73A02D61792866900DF1285 /* QuartzCore.framework in Frameworks */ = {isa = PBXBuildFile; fileRef = E73A02D51792866900DF1285 /* QuartzCore.framework */; };
		E73ED66A179A54710062643B /* KCActionSheet.m in Sources */ = {isa = PBXBuildFile; fileRef = E73ED64C179A54710062643B /* KCActionSheet.m */; };
		E73ED66B179A54710062643B /* UIButton+KCServices.m in Sources */ = {isa = PBXBuildFile; fileRef = E73ED64F179A54710062643B /* UIButton+KCServices.m */; };
		E73ED66C179A54710062643B /* UIImageView+KCServices.m in Sources */ = {isa = PBXBuildFile; fileRef = E73ED652179A54710062643B /* UIImageView+KCServices.m */; };
		E73ED66D179A54710062643B /* UILabel+KCServices.m in Sources */ = {isa = PBXBuildFile; fileRef = E73ED655179A54710062643B /* UILabel+KCServices.m */; };
		E73ED66E179A54710062643B /* KCModalNavigationBar.m in Sources */ = {isa = PBXBuildFile; fileRef = E73ED658179A54710062643B /* KCModalNavigationBar.m */; };
		E73ED66F179A54710062643B /* KCNavigationBar.m in Sources */ = {isa = PBXBuildFile; fileRef = E73ED65A179A54710062643B /* KCNavigationBar.m */; };
		E73ED670179A54710062643B /* UINavigationItem+KCServices.m in Sources */ = {isa = PBXBuildFile; fileRef = E73ED65C179A54710062643B /* UINavigationItem+KCServices.m */; };
		E73ED671179A54710062643B /* KCGeometry.m in Sources */ = {isa = PBXBuildFile; fileRef = E73ED65F179A54710062643B /* KCGeometry.m */; };
		E73ED672179A54710062643B /* KCView.m in Sources */ = {isa = PBXBuildFile; fileRef = E73ED661179A54710062643B /* KCView.m */; };
		E73ED673179A54710062643B /* UIView+Gesture.m in Sources */ = {isa = PBXBuildFile; fileRef = E73ED663179A54710062643B /* UIView+Gesture.m */; };
		E73ED674179A54710062643B /* UIView+KCServices.m in Sources */ = {isa = PBXBuildFile; fileRef = E73ED665179A54710062643B /* UIView+KCServices.m */; };
		E73ED675179A54710062643B /* UIView+QuartzCore.m in Sources */ = {isa = PBXBuildFile; fileRef = E73ED667179A54710062643B /* UIView+QuartzCore.m */; };
		E73ED676179A54710062643B /* UIView+Transition.m in Sources */ = {isa = PBXBuildFile; fileRef = E73ED669179A54710062643B /* UIView+Transition.m */; };
		E73ED679179A548A0062643B /* KCGradientButton.m in Sources */ = {isa = PBXBuildFile; fileRef = E73ED678179A548A0062643B /* KCGradientButton.m */; };
		E73ED6D5179A5C840062643B /* KCBlockHandler.m in Sources */ = {isa = PBXBuildFile; fileRef = E73ED686179A5C840062643B /* KCBlockHandler.m */; };
		E73ED6D6179A5C840062643B /* KCError.m in Sources */ = {isa = PBXBuildFile; fileRef = E73ED68A179A5C840062643B /* KCError.m */; };
		E73ED6D7179A5C840062643B /* KCErrorResponse.m in Sources */ = {isa = PBXBuildFile; fileRef = E73ED68D179A5C840062643B /* KCErrorResponse.m */; };
		E73ED6D8179A5C840062643B /* NSArray+KCServices.m in Sources */ = {isa = PBXBuildFile; fileRef = E73ED692179A5C840062643B /* NSArray+KCServices.m */; };
		E73ED6D9179A5C840062643B /* NSDate+KCServices.m in Sources */ = {isa = PBXBuildFile; fileRef = E73ED695179A5C840062643B /* NSDate+KCServices.m */; };
		E73ED6DA179A5C840062643B /* NSNumber+KCServices.m in Sources */ = {isa = PBXBuildFile; fileRef = E73ED698179A5C840062643B /* NSNumber+KCServices.m */; };
		E73ED6DB179A5C840062643B /* NSObject+KCServices.m in Sources */ = {isa = PBXBuildFile; fileRef = E73ED69B179A5C840062643B /* NSObject+KCServices.m */; };
		E73ED6DC179A5C840062643B /* NSString+KCServices.m in Sources */ = {isa = PBXBuildFile; fileRef = E73ED69E179A5C840062643B /* NSString+KCServices.m */; };
		E73ED6DD179A5C840062643B /* UIFont+KCServices.m in Sources */ = {isa = PBXBuildFile; fileRef = E73ED6A1179A5C840062643B /* UIFont+KCServices.m */; };
		E73ED6DE179A5C840062643B /* KCHTTPError.m in Sources */ = {isa = PBXBuildFile; fileRef = E73ED6A5179A5C840062643B /* KCHTTPError.m */; };
		E73ED6DF179A5C840062643B /* KCHTTPURLResponse.m in Sources */ = {isa = PBXBuildFile; fileRef = E73ED6A8179A5C840062643B /* KCHTTPURLResponse.m */; };
		E73ED6E0179A5C840062643B /* KCHTTPURLResponseHandler.m in Sources */ = {isa = PBXBuildFile; fileRef = E73ED6AB179A5C840062643B /* KCHTTPURLResponseHandler.m */; };
		E73ED6E1179A5C840062643B /* KCMutableURLRequest.m in Sources */ = {isa = PBXBuildFile; fileRef = E73ED6AE179A5C840062643B /* KCMutableURLRequest.m */; };
		E73ED6E2179A5C840062643B /* KCURLConnection.m in Sources */ = {isa = PBXBuildFile; fileRef = E73ED6B1179A5C840062643B /* KCURLConnection.m */; };
		E73ED6E3179A5C840062643B /* KCURLConnectionDelegate.m in Sources */ = {isa = PBXBuildFile; fileRef = E73ED6B4179A5C840062643B /* KCURLConnectionDelegate.m */; };
		E73ED6E4179A5C840062643B /* KCURLConnectionThreadManager.m in Sources */ = {isa = PBXBuildFile; fileRef = E73ED6B7179A5C840062643B /* KCURLConnectionThreadManager.m */; };
		E73ED6E5179A5C840062643B /* KCURLConnectiontimerManager.m in Sources */ = {isa = PBXBuildFile; fileRef = E73ED6BA179A5C840062643B /* KCURLConnectiontimerManager.m */; };
		E73ED6E6179A5C840062643B /* UIImage+KCServices.m in Sources */ = {isa = PBXBuildFile; fileRef = E73ED6BD179A5C840062643B /* UIImage+KCServices.m */; };
		E73ED6E7179A5C840062643B /* KCJSONError.m in Sources */ = {isa = PBXBuildFile; fileRef = E73ED6C1179A5C840062643B /* KCJSONError.m */; };
		E73ED6E8179A5C840062643B /* NSArray+KCJSONSerialization.m in Sources */ = {isa = PBXBuildFile; fileRef = E73ED6C3179A5C840062643B /* NSArray+KCJSONSerialization.m */; };
		E73ED6E9179A5C840062643B /* NSData+KCJSONSerialization.m in Sources */ = {isa = PBXBuildFile; fileRef = E73ED6C5179A5C840062643B /* NSData+KCJSONSerialization.m */; };
		E73ED6EA179A5C840062643B /* NSDictionary+KCJSONSerialization.m in Sources */ = {isa = PBXBuildFile; fileRef = E73ED6C7179A5C840062643B /* NSDictionary+KCJSONSerialization.m */; };
		E73ED6EB179A5C840062643B /* NSDictionary+KCParseJSON.m in Sources */ = {isa = PBXBuildFile; fileRef = E73ED6C9179A5C840062643B /* NSDictionary+KCParseJSON.m */; };
		E73ED6EC179A5C840062643B /* NSObject+KCJSONSerialization.m in Sources */ = {isa = PBXBuildFile; fileRef = E73ED6CB179A5C840062643B /* NSObject+KCJSONSerialization.m */; };
		E73ED6ED179A5C840062643B /* NSString+KCJSONSerialization.m in Sources */ = {isa = PBXBuildFile; fileRef = E73ED6CD179A5C840062643B /* NSString+KCJSONSerialization.m */; };
		E73ED6EE179A5C840062643B /* KCLocationManager.m in Sources */ = {isa = PBXBuildFile; fileRef = E73ED6D1179A5C840062643B /* KCLocationManager.m */; };
		E73ED6EF179A5C840062643B /* UIScreen+KCServices.m in Sources */ = {isa = PBXBuildFile; fileRef = E73ED6D4179A5C840062643B /* UIScreen+KCServices.m */; };
		E73ED702179A5D200062643B /* KCBlockHandler.h in CopyFiles */ = {isa = PBXBuildFile; fileRef = E73ED685179A5C840062643B /* KCBlockHandler.h */; };
		E73ED703179A5D200062643B /* KCError.h in CopyFiles */ = {isa = PBXBuildFile; fileRef = E73ED689179A5C840062643B /* KCError.h */; };
		E73ED704179A5D200062643B /* KCErrorResponse.h in CopyFiles */ = {isa = PBXBuildFile; fileRef = E73ED68C179A5C840062643B /* KCErrorResponse.h */; };
		E73ED705179A5D200062643B /* NSNumber+KCServices.h in CopyFiles */ = {isa = PBXBuildFile; fileRef = E73ED697179A5C840062643B /* NSNumber+KCServices.h */; };
		E73ED706179A5D200062643B /* NSString+KCServices.h in CopyFiles */ = {isa = PBXBuildFile; fileRef = E73ED69D179A5C840062643B /* NSString+KCServices.h */; };
		E73ED707179A5D200062643B /* UIFont+KCServices.h in CopyFiles */ = {isa = PBXBuildFile; fileRef = E73ED6A0179A5C840062643B /* UIFont+KCServices.h */; };
		E73ED708179A5D200062643B /* UIImage+KCServices.h in CopyFiles */ = {isa = PBXBuildFile; fileRef = E73ED6BC179A5C840062643B /* UIImage+KCServices.h */; };
		E73ED709179A5D200062643B /* KCJSON.h in CopyFiles */ = {isa = PBXBuildFile; fileRef = E73ED6BF179A5C840062643B /* KCJSON.h */; };
		E73ED70A179A5D200062643B /* KCJSONError.h in CopyFiles */ = {isa = PBXBuildFile; fileRef = E73ED6C0179A5C840062643B /* KCJSONError.h */; };
		E73ED70B179A5D200062643B /* NSArray+KCJSONSerialization.h in CopyFiles */ = {isa = PBXBuildFile; fileRef = E73ED6C2179A5C840062643B /* NSArray+KCJSONSerialization.h */; };
		E73ED70C179A5D200062643B /* NSData+KCJSONSerialization.h in CopyFiles */ = {isa = PBXBuildFile; fileRef = E73ED6C4179A5C840062643B /* NSData+KCJSONSerialization.h */; };
		E73ED70D179A5D200062643B /* NSDictionary+KCJSONSerialization.h in CopyFiles */ = {isa = PBXBuildFile; fileRef = E73ED6C6179A5C840062643B /* NSDictionary+KCJSONSerialization.h */; };
		E73ED70E179A5D200062643B /* NSDictionary+KCParseJSON.h in CopyFiles */ = {isa = PBXBuildFile; fileRef = E73ED6C8179A5C840062643B /* NSDictionary+KCParseJSON.h */; };
		E73ED70F179A5D200062643B /* NSObject+KCJSONSerialization.h in CopyFiles */ = {isa = PBXBuildFile; fileRef = E73ED6CA179A5C840062643B /* NSObject+KCJSONSerialization.h */; };
		E73ED710179A5D200062643B /* NSString+KCJSONSerialization.h in CopyFiles */ = {isa = PBXBuildFile; fileRef = E73ED6CC179A5C840062643B /* NSString+KCJSONSerialization.h */; };
		E73ED711179A5D200062643B /* KCUtility.h in CopyFiles */ = {isa = PBXBuildFile; fileRef = E73ED6CE179A5C840062643B /* KCUtility.h */; };
		E73ED712179A5D200062643B /* KCLocationManager.h in CopyFiles */ = {isa = PBXBuildFile; fileRef = E73ED6D0179A5C840062643B /* KCLocationManager.h */; };
		E73ED713179A5D200062643B /* UIScreen+KCServices.h in CopyFiles */ = {isa = PBXBuildFile; fileRef = E73ED6D3179A5C840062643B /* UIScreen+KCServices.h */; };
		E73ED714179A5D200062643B /* KCActionSheet.h in CopyFiles */ = {isa = PBXBuildFile; fileRef = E73ED64B179A54710062643B /* KCActionSheet.h */; };
		E73ED715179A5D200062643B /* UIButton+KCServices.h in CopyFiles */ = {isa = PBXBuildFile; fileRef = E73ED64E179A54710062643B /* UIButton+KCServices.h */; };
		E73ED716179A5D200062643B /* KCGradientButton.h in CopyFiles */ = {isa = PBXBuildFile; fileRef = E73ED677179A548A0062643B /* KCGradientButton.h */; };
		E73ED717179A5D200062643B /* UILabel+KCServices.h in CopyFiles */ = {isa = PBXBuildFile; fileRef = E73ED654179A54710062643B /* UILabel+KCServices.h */; };
		E73ED718179A5D200062643B /* KCGeometry.h in CopyFiles */ = {isa = PBXBuildFile; fileRef = E73ED65E179A54710062643B /* KCGeometry.h */; };
		E73ED719179A5D200062643B /* KCView.h in CopyFiles */ = {isa = PBXBuildFile; fileRef = E73ED660179A54710062643B /* KCView.h */; };
		E73ED71A179A5D200062643B /* UIView+Gesture.h in CopyFiles */ = {isa = PBXBuildFile; fileRef = E73ED662179A54710062643B /* UIView+Gesture.h */; };
		E73ED71B179A5D200062643B /* UIView+KCServices.h in CopyFiles */ = {isa = PBXBuildFile; fileRef = E73ED664179A54710062643B /* UIView+KCServices.h */; };
		E73ED71C179A5D200062643B /* UIView+QuartzCore.h in CopyFiles */ = {isa = PBXBuildFile; fileRef = E73ED666179A54710062643B /* UIView+QuartzCore.h */; };
		E73ED71D179A5D200062643B /* UIView+Transition.h in CopyFiles */ = {isa = PBXBuildFile; fileRef = E73ED668179A54710062643B /* UIView+Transition.h */; };
		E73ED71E179A5D200062643B /* KCLog.h in CopyFiles */ = {isa = PBXBuildFile; fileRef = E73ED5B5179A53070062643B /* KCLog.h */; };
		E73ED71F179A5D200062643B /* KCNotifications.h in CopyFiles */ = {isa = PBXBuildFile; fileRef = E73ED61A179A532F0062643B /* KCNotifications.h */; };
		E73ED720179A5D200062643B /* KCViewController.h in CopyFiles */ = {isa = PBXBuildFile; fileRef = E74B08F5179507D200B82BE7 /* KCViewController.h */; };
		E73ED721179A5D290062643B /* NSArray+Extension.h in CopyFiles */ = {isa = PBXBuildFile; fileRef = E73ED690179A5C840062643B /* NSArray+Extension.h */; };
		E73ED722179A5D290062643B /* NSArray+KCServices.h in CopyFiles */ = {isa = PBXBuildFile; fileRef = E73ED691179A5C840062643B /* NSArray+KCServices.h */; };
		E73ED723179A5D290062643B /* NSDate+KCServices.h in CopyFiles */ = {isa = PBXBuildFile; fileRef = E73ED694179A5C840062643B /* NSDate+KCServices.h */; };
		E73ED724179A5D290062643B /* NSObject+KCServices.h in CopyFiles */ = {isa = PBXBuildFile; fileRef = E73ED69A179A5C840062643B /* NSObject+KCServices.h */; };
		E73ED725179A5D290062643B /* KCHTTPError.h in CopyFiles */ = {isa = PBXBuildFile; fileRef = E73ED6A4179A5C840062643B /* KCHTTPError.h */; };
		E73ED726179A5D290062643B /* KCHTTPURLResponse.h in CopyFiles */ = {isa = PBXBuildFile; fileRef = E73ED6A7179A5C840062643B /* KCHTTPURLResponse.h */; };
		E73ED727179A5D290062643B /* KCHTTPURLResponseHandler.h in CopyFiles */ = {isa = PBXBuildFile; fileRef = E73ED6AA179A5C840062643B /* KCHTTPURLResponseHandler.h */; };
		E73ED728179A5D290062643B /* KCMutableURLRequest.h in CopyFiles */ = {isa = PBXBuildFile; fileRef = E73ED6AD179A5C840062643B /* KCMutableURLRequest.h */; };
		E73ED729179A5D290062643B /* KCURLConnection.h in CopyFiles */ = {isa = PBXBuildFile; fileRef = E73ED6B0179A5C840062643B /* KCURLConnection.h */; };
		E73ED72A179A5D290062643B /* KCURLConnectionDelegate.h in CopyFiles */ = {isa = PBXBuildFile; fileRef = E73ED6B3179A5C840062643B /* KCURLConnectionDelegate.h */; };
		E73ED72B179A5D290062643B /* KCURLConnectiontimerManager.h in CopyFiles */ = {isa = PBXBuildFile; fileRef = E73ED6B9179A5C840062643B /* KCURLConnectiontimerManager.h */; };
		E73ED72C179A5D290062643B /* UIImageView+KCServices.h in CopyFiles */ = {isa = PBXBuildFile; fileRef = E73ED651179A54710062643B /* UIImageView+KCServices.h */; };
		E73ED72D179A5D290062643B /* KCModalNavigationBar.h in CopyFiles */ = {isa = PBXBuildFile; fileRef = E73ED657179A54710062643B /* KCModalNavigationBar.h */; };
		E73ED72E179A5D290062643B /* KCNavigationBar.h in CopyFiles */ = {isa = PBXBuildFile; fileRef = E73ED659179A54710062643B /* KCNavigationBar.h */; };
		E73ED72F179A5D290062643B /* UINavigationItem+KCServices.h in CopyFiles */ = {isa = PBXBuildFile; fileRef = E73ED65B179A54710062643B /* UINavigationItem+KCServices.h */; };
		E73ED730179A5D290062643B /* KCNavigationController.h in CopyFiles */ = {isa = PBXBuildFile; fileRef = E74B08FB1795083300B82BE7 /* KCNavigationController.h */; };
		E73ED731179A5D350062643B /* KCURLConnectionThreadManager.h in CopyFiles */ = {isa = PBXBuildFile; fileRef = E73ED6B6179A5C840062643B /* KCURLConnectionThreadManager.h */; };
		E74B08F7179507D200B82BE7 /* KCViewController.m in Sources */ = {isa = PBXBuildFile; fileRef = E74B08F6179507D200B82BE7 /* KCViewController.m */; };
		E74B08FD1795083300B82BE7 /* KCNavigationController.m in Sources */ = {isa = PBXBuildFile; fileRef = E74B08FC1795083300B82BE7 /* KCNavigationController.m */; };
		E75C034E179C4DEE00DEC71D /* UIColor+KCServices.m in Sources */ = {isa = PBXBuildFile; fileRef = E75C034D179C4DEE00DEC71D /* UIColor+KCServices.m */; };
		E76BA1F3177653AF001EDCCA /* Foundation.framework in Frameworks */ = {isa = PBXBuildFile; fileRef = E76BA1F2177653AF001EDCCA /* Foundation.framework */; };
		E7DC2D26179B765A00DF53B0 /* KCScrollPageView.m in Sources */ = {isa = PBXBuildFile; fileRef = E7DC2D25179B765A00DF53B0 /* KCScrollPageView.m */; };
		E7DC2D2A179B76EC00DF53B0 /* KCScrollView.m in Sources */ = {isa = PBXBuildFile; fileRef = E7DC2D29179B76EC00DF53B0 /* KCScrollView.m */; };
		E7DC2D30179B99DF00DF53B0 /* KCTabMenuView.m in Sources */ = {isa = PBXBuildFile; fileRef = E7DC2D2F179B99DF00DF53B0 /* KCTabMenuView.m */; };
		E7DC2D33179B9A2600DF53B0 /* KCMenuItem.m in Sources */ = {isa = PBXBuildFile; fileRef = E7DC2D32179B9A2600DF53B0 /* KCMenuItem.m */; };
		E7DC2D36179B9BA900DF53B0 /* KCButton.m in Sources */ = {isa = PBXBuildFile; fileRef = E7DC2D35179B9BA900DF53B0 /* KCButton.m */; };
		E7DC2D37179BA1D000DF53B0 /* KCMenuItem.h in CopyFiles */ = {isa = PBXBuildFile; fileRef = E7DC2D31179B9A2600DF53B0 /* KCMenuItem.h */; };
		E7DC2D38179BA1D000DF53B0 /* KCTabMenuView.h in CopyFiles */ = {isa = PBXBuildFile; fileRef = E7DC2D2E179B99DF00DF53B0 /* KCTabMenuView.h */; };
		E7DC2D39179BA1D000DF53B0 /* KCScrollPageView.h in CopyFiles */ = {isa = PBXBuildFile; fileRef = E7DC2D24179B765A00DF53B0 /* KCScrollPageView.h */; };
		E7DC2D3A179BA1D000DF53B0 /* KCScrollViewDelegate.h in CopyFiles */ = {isa = PBXBuildFile; fileRef = E7DC2D27179B769F00DF53B0 /* KCScrollViewDelegate.h */; };
		E7DC2D3B179BA1D000DF53B0 /* KCScrollView.h in CopyFiles */ = {isa = PBXBuildFile; fileRef = E7DC2D28179B76EC00DF53B0 /* KCScrollView.h */; };
		E7DC2D3C179BA1D000DF53B0 /* KCButton.h in CopyFiles */ = {isa = PBXBuildFile; fileRef = E7DC2D34179B9BA800DF53B0 /* KCButton.h */; };
/* End PBXBuildFile section */

/* Begin PBXCopyFilesBuildPhase section */
		E76BA1ED177653AF001EDCCA /* CopyFiles */ = {
			isa = PBXCopyFilesBuildPhase;
			buildActionMask = 12;
			dstPath = "include/${PRODUCT_NAME}";
			dstSubfolderSpec = 16;
			files = (
				E7DC2D37179BA1D000DF53B0 /* KCMenuItem.h in CopyFiles */,
				E7DC2D38179BA1D000DF53B0 /* KCTabMenuView.h in CopyFiles */,
				E7DC2D39179BA1D000DF53B0 /* KCScrollPageView.h in CopyFiles */,
				E7DC2D3A179BA1D000DF53B0 /* KCScrollViewDelegate.h in CopyFiles */,
				E7DC2D3B179BA1D000DF53B0 /* KCScrollView.h in CopyFiles */,
				E7DC2D3C179BA1D000DF53B0 /* KCButton.h in CopyFiles */,
				E73ED731179A5D350062643B /* KCURLConnectionThreadManager.h in CopyFiles */,
				E73ED721179A5D290062643B /* NSArray+Extension.h in CopyFiles */,
				E73ED722179A5D290062643B /* NSArray+KCServices.h in CopyFiles */,
				E73ED723179A5D290062643B /* NSDate+KCServices.h in CopyFiles */,
				E73ED724179A5D290062643B /* NSObject+KCServices.h in CopyFiles */,
				E73ED725179A5D290062643B /* KCHTTPError.h in CopyFiles */,
				E73ED726179A5D290062643B /* KCHTTPURLResponse.h in CopyFiles */,
				E73ED727179A5D290062643B /* KCHTTPURLResponseHandler.h in CopyFiles */,
				E73ED728179A5D290062643B /* KCMutableURLRequest.h in CopyFiles */,
				E73ED729179A5D290062643B /* KCURLConnection.h in CopyFiles */,
				E73ED72A179A5D290062643B /* KCURLConnectionDelegate.h in CopyFiles */,
				E73ED72B179A5D290062643B /* KCURLConnectiontimerManager.h in CopyFiles */,
				E73ED72C179A5D290062643B /* UIImageView+KCServices.h in CopyFiles */,
				E73ED72D179A5D290062643B /* KCModalNavigationBar.h in CopyFiles */,
				E73ED72E179A5D290062643B /* KCNavigationBar.h in CopyFiles */,
				E73ED72F179A5D290062643B /* UINavigationItem+KCServices.h in CopyFiles */,
				E73ED730179A5D290062643B /* KCNavigationController.h in CopyFiles */,
				E73ED702179A5D200062643B /* KCBlockHandler.h in CopyFiles */,
				E73ED703179A5D200062643B /* KCError.h in CopyFiles */,
				E73ED704179A5D200062643B /* KCErrorResponse.h in CopyFiles */,
				E73ED705179A5D200062643B /* NSNumber+KCServices.h in CopyFiles */,
				E73ED706179A5D200062643B /* NSString+KCServices.h in CopyFiles */,
				E73ED707179A5D200062643B /* UIFont+KCServices.h in CopyFiles */,
				E73ED708179A5D200062643B /* UIImage+KCServices.h in CopyFiles */,
				E73ED709179A5D200062643B /* KCJSON.h in CopyFiles */,
				E73ED70A179A5D200062643B /* KCJSONError.h in CopyFiles */,
				E73ED70B179A5D200062643B /* NSArray+KCJSONSerialization.h in CopyFiles */,
				E73ED70C179A5D200062643B /* NSData+KCJSONSerialization.h in CopyFiles */,
				E73ED70D179A5D200062643B /* NSDictionary+KCJSONSerialization.h in CopyFiles */,
				E73ED70E179A5D200062643B /* NSDictionary+KCParseJSON.h in CopyFiles */,
				E73ED70F179A5D200062643B /* NSObject+KCJSONSerialization.h in CopyFiles */,
				E73ED710179A5D200062643B /* NSString+KCJSONSerialization.h in CopyFiles */,
				E73ED711179A5D200062643B /* KCUtility.h in CopyFiles */,
				E73ED712179A5D200062643B /* KCLocationManager.h in CopyFiles */,
				E73ED713179A5D200062643B /* UIScreen+KCServices.h in CopyFiles */,
				E73ED714179A5D200062643B /* KCActionSheet.h in CopyFiles */,
				E73ED715179A5D200062643B /* UIButton+KCServices.h in CopyFiles */,
				E73ED716179A5D200062643B /* KCGradientButton.h in CopyFiles */,
				E73ED717179A5D200062643B /* UILabel+KCServices.h in CopyFiles */,
				E73ED718179A5D200062643B /* KCGeometry.h in CopyFiles */,
				E73ED719179A5D200062643B /* KCView.h in CopyFiles */,
				E73ED71A179A5D200062643B /* UIView+Gesture.h in CopyFiles */,
				E73ED71B179A5D200062643B /* UIView+KCServices.h in CopyFiles */,
				E73ED71C179A5D200062643B /* UIView+QuartzCore.h in CopyFiles */,
				E73ED71D179A5D200062643B /* UIView+Transition.h in CopyFiles */,
				E73ED71E179A5D200062643B /* KCLog.h in CopyFiles */,
				E73ED71F179A5D200062643B /* KCNotifications.h in CopyFiles */,
				E73ED720179A5D200062643B /* KCViewController.h in CopyFiles */,
			);
			runOnlyForDeploymentPostprocessing = 0;
		};
/* End PBXCopyFilesBuildPhase section */

/* Begin PBXFileReference section */
		E73A02D31792866400DF1285 /* CoreLocation.framework */ = {isa = PBXFileReference; lastKnownFileType = wrapper.framework; name = CoreLocation.framework; path = System/Library/Frameworks/CoreLocation.framework; sourceTree = SDKROOT; };
		E73A02D51792866900DF1285 /* QuartzCore.framework */ = {isa = PBXFileReference; lastKnownFileType = wrapper.framework; name = QuartzCore.framework; path = System/Library/Frameworks/QuartzCore.framework; sourceTree = SDKROOT; };
		E73ED5B5179A53070062643B /* KCLog.h */ = {isa = PBXFileReference; fileEncoding = 4; lastKnownFileType = sourcecode.c.h; path = KCLog.h; sourceTree = "<group>"; };
		E73ED61A179A532F0062643B /* KCNotifications.h */ = {isa = PBXFileReference; fileEncoding = 4; lastKnownFileType = sourcecode.c.h; path = KCNotifications.h; sourceTree = "<group>"; };
		E73ED64B179A54710062643B /* KCActionSheet.h */ = {isa = PBXFileReference; fileEncoding = 4; lastKnownFileType = sourcecode.c.h; path = KCActionSheet.h; sourceTree = "<group>"; };
		E73ED64C179A54710062643B /* KCActionSheet.m */ = {isa = PBXFileReference; fileEncoding = 4; lastKnownFileType = sourcecode.c.objc; path = KCActionSheet.m; sourceTree = "<group>"; };
		E73ED64E179A54710062643B /* UIButton+KCServices.h */ = {isa = PBXFileReference; fileEncoding = 4; lastKnownFileType = sourcecode.c.h; path = "UIButton+KCServices.h"; sourceTree = "<group>"; };
		E73ED64F179A54710062643B /* UIButton+KCServices.m */ = {isa = PBXFileReference; fileEncoding = 4; lastKnownFileType = sourcecode.c.objc; path = "UIButton+KCServices.m"; sourceTree = "<group>"; };
		E73ED651179A54710062643B /* UIImageView+KCServices.h */ = {isa = PBXFileReference; fileEncoding = 4; lastKnownFileType = sourcecode.c.h; path = "UIImageView+KCServices.h"; sourceTree = "<group>"; };
		E73ED652179A54710062643B /* UIImageView+KCServices.m */ = {isa = PBXFileReference; fileEncoding = 4; lastKnownFileType = sourcecode.c.objc; path = "UIImageView+KCServices.m"; sourceTree = "<group>"; };
		E73ED654179A54710062643B /* UILabel+KCServices.h */ = {isa = PBXFileReference; fileEncoding = 4; lastKnownFileType = sourcecode.c.h; path = "UILabel+KCServices.h"; sourceTree = "<group>"; };
		E73ED655179A54710062643B /* UILabel+KCServices.m */ = {isa = PBXFileReference; fileEncoding = 4; lastKnownFileType = sourcecode.c.objc; path = "UILabel+KCServices.m"; sourceTree = "<group>"; };
		E73ED657179A54710062643B /* KCModalNavigationBar.h */ = {isa = PBXFileReference; fileEncoding = 4; lastKnownFileType = sourcecode.c.h; path = KCModalNavigationBar.h; sourceTree = "<group>"; };
		E73ED658179A54710062643B /* KCModalNavigationBar.m */ = {isa = PBXFileReference; fileEncoding = 4; lastKnownFileType = sourcecode.c.objc; path = KCModalNavigationBar.m; sourceTree = "<group>"; };
		E73ED659179A54710062643B /* KCNavigationBar.h */ = {isa = PBXFileReference; fileEncoding = 4; lastKnownFileType = sourcecode.c.h; path = KCNavigationBar.h; sourceTree = "<group>"; };
		E73ED65A179A54710062643B /* KCNavigationBar.m */ = {isa = PBXFileReference; fileEncoding = 4; lastKnownFileType = sourcecode.c.objc; path = KCNavigationBar.m; sourceTree = "<group>"; };
		E73ED65B179A54710062643B /* UINavigationItem+KCServices.h */ = {isa = PBXFileReference; fileEncoding = 4; lastKnownFileType = sourcecode.c.h; path = "UINavigationItem+KCServices.h"; sourceTree = "<group>"; };
		E73ED65C179A54710062643B /* UINavigationItem+KCServices.m */ = {isa = PBXFileReference; fileEncoding = 4; lastKnownFileType = sourcecode.c.objc; path = "UINavigationItem+KCServices.m"; sourceTree = "<group>"; };
		E73ED65E179A54710062643B /* KCGeometry.h */ = {isa = PBXFileReference; fileEncoding = 4; lastKnownFileType = sourcecode.c.h; path = KCGeometry.h; sourceTree = "<group>"; };
		E73ED65F179A54710062643B /* KCGeometry.m */ = {isa = PBXFileReference; fileEncoding = 4; lastKnownFileType = sourcecode.c.objc; path = KCGeometry.m; sourceTree = "<group>"; };
		E73ED660179A54710062643B /* KCView.h */ = {isa = PBXFileReference; fileEncoding = 4; lastKnownFileType = sourcecode.c.h; path = KCView.h; sourceTree = "<group>"; };
		E73ED661179A54710062643B /* KCView.m */ = {isa = PBXFileReference; fileEncoding = 4; lastKnownFileType = sourcecode.c.objc; path = KCView.m; sourceTree = "<group>"; };
		E73ED662179A54710062643B /* UIView+Gesture.h */ = {isa = PBXFileReference; fileEncoding = 4; lastKnownFileType = sourcecode.c.h; path = "UIView+Gesture.h"; sourceTree = "<group>"; };
		E73ED663179A54710062643B /* UIView+Gesture.m */ = {isa = PBXFileReference; fileEncoding = 4; lastKnownFileType = sourcecode.c.objc; path = "UIView+Gesture.m"; sourceTree = "<group>"; };
		E73ED664179A54710062643B /* UIView+KCServices.h */ = {isa = PBXFileReference; fileEncoding = 4; lastKnownFileType = sourcecode.c.h; path = "UIView+KCServices.h"; sourceTree = "<group>"; };
		E73ED665179A54710062643B /* UIView+KCServices.m */ = {isa = PBXFileReference; fileEncoding = 4; lastKnownFileType = sourcecode.c.objc; path = "UIView+KCServices.m"; sourceTree = "<group>"; };
		E73ED666179A54710062643B /* UIView+QuartzCore.h */ = {isa = PBXFileReference; fileEncoding = 4; lastKnownFileType = sourcecode.c.h; path = "UIView+QuartzCore.h"; sourceTree = "<group>"; };
		E73ED667179A54710062643B /* UIView+QuartzCore.m */ = {isa = PBXFileReference; fileEncoding = 4; lastKnownFileType = sourcecode.c.objc; path = "UIView+QuartzCore.m"; sourceTree = "<group>"; };
		E73ED668179A54710062643B /* UIView+Transition.h */ = {isa = PBXFileReference; fileEncoding = 4; lastKnownFileType = sourcecode.c.h; path = "UIView+Transition.h"; sourceTree = "<group>"; };
		E73ED669179A54710062643B /* UIView+Transition.m */ = {isa = PBXFileReference; fileEncoding = 4; lastKnownFileType = sourcecode.c.objc; path = "UIView+Transition.m"; sourceTree = "<group>"; };
		E73ED677179A548A0062643B /* KCGradientButton.h */ = {isa = PBXFileReference; fileEncoding = 4; lastKnownFileType = sourcecode.c.h; path = KCGradientButton.h; sourceTree = "<group>"; };
		E73ED678179A548A0062643B /* KCGradientButton.m */ = {isa = PBXFileReference; fileEncoding = 4; lastKnownFileType = sourcecode.c.objc; path = KCGradientButton.m; sourceTree = "<group>"; };
		E73ED685179A5C840062643B /* KCBlockHandler.h */ = {isa = PBXFileReference; fileEncoding = 4; lastKnownFileType = sourcecode.c.h; path = KCBlockHandler.h; sourceTree = "<group>"; };
		E73ED686179A5C840062643B /* KCBlockHandler.m */ = {isa = PBXFileReference; fileEncoding = 4; lastKnownFileType = sourcecode.c.objc; path = KCBlockHandler.m; sourceTree = "<group>"; };
		E73ED689179A5C840062643B /* KCError.h */ = {isa = PBXFileReference; fileEncoding = 4; lastKnownFileType = sourcecode.c.h; path = KCError.h; sourceTree = "<group>"; };
		E73ED68A179A5C840062643B /* KCError.m */ = {isa = PBXFileReference; fileEncoding = 4; lastKnownFileType = sourcecode.c.objc; path = KCError.m; sourceTree = "<group>"; };
		E73ED68C179A5C840062643B /* KCErrorResponse.h */ = {isa = PBXFileReference; fileEncoding = 4; lastKnownFileType = sourcecode.c.h; path = KCErrorResponse.h; sourceTree = "<group>"; };
		E73ED68D179A5C840062643B /* KCErrorResponse.m */ = {isa = PBXFileReference; fileEncoding = 4; lastKnownFileType = sourcecode.c.objc; path = KCErrorResponse.m; sourceTree = "<group>"; };
		E73ED690179A5C840062643B /* NSArray+Extension.h */ = {isa = PBXFileReference; fileEncoding = 4; lastKnownFileType = sourcecode.c.h; path = "NSArray+Extension.h"; sourceTree = "<group>"; };
		E73ED691179A5C840062643B /* NSArray+KCServices.h */ = {isa = PBXFileReference; fileEncoding = 4; lastKnownFileType = sourcecode.c.h; path = "NSArray+KCServices.h"; sourceTree = "<group>"; };
		E73ED692179A5C840062643B /* NSArray+KCServices.m */ = {isa = PBXFileReference; fileEncoding = 4; lastKnownFileType = sourcecode.c.objc; path = "NSArray+KCServices.m"; sourceTree = "<group>"; };
		E73ED694179A5C840062643B /* NSDate+KCServices.h */ = {isa = PBXFileReference; fileEncoding = 4; lastKnownFileType = sourcecode.c.h; path = "NSDate+KCServices.h"; sourceTree = "<group>"; };
		E73ED695179A5C840062643B /* NSDate+KCServices.m */ = {isa = PBXFileReference; fileEncoding = 4; lastKnownFileType = sourcecode.c.objc; path = "NSDate+KCServices.m"; sourceTree = "<group>"; };
		E73ED697179A5C840062643B /* NSNumber+KCServices.h */ = {isa = PBXFileReference; fileEncoding = 4; lastKnownFileType = sourcecode.c.h; path = "NSNumber+KCServices.h"; sourceTree = "<group>"; };
		E73ED698179A5C840062643B /* NSNumber+KCServices.m */ = {isa = PBXFileReference; fileEncoding = 4; lastKnownFileType = sourcecode.c.objc; path = "NSNumber+KCServices.m"; sourceTree = "<group>"; };
		E73ED69A179A5C840062643B /* NSObject+KCServices.h */ = {isa = PBXFileReference; fileEncoding = 4; lastKnownFileType = sourcecode.c.h; path = "NSObject+KCServices.h"; sourceTree = "<group>"; };
		E73ED69B179A5C840062643B /* NSObject+KCServices.m */ = {isa = PBXFileReference; fileEncoding = 4; lastKnownFileType = sourcecode.c.objc; path = "NSObject+KCServices.m"; sourceTree = "<group>"; };
		E73ED69D179A5C840062643B /* NSString+KCServices.h */ = {isa = PBXFileReference; fileEncoding = 4; lastKnownFileType = sourcecode.c.h; path = "NSString+KCServices.h"; sourceTree = "<group>"; };
		E73ED69E179A5C840062643B /* NSString+KCServices.m */ = {isa = PBXFileReference; fileEncoding = 4; lastKnownFileType = sourcecode.c.objc; path = "NSString+KCServices.m"; sourceTree = "<group>"; };
		E73ED6A0179A5C840062643B /* UIFont+KCServices.h */ = {isa = PBXFileReference; fileEncoding = 4; lastKnownFileType = sourcecode.c.h; path = "UIFont+KCServices.h"; sourceTree = "<group>"; };
		E73ED6A1179A5C840062643B /* UIFont+KCServices.m */ = {isa = PBXFileReference; fileEncoding = 4; lastKnownFileType = sourcecode.c.objc; path = "UIFont+KCServices.m"; sourceTree = "<group>"; };
		E73ED6A4179A5C840062643B /* KCHTTPError.h */ = {isa = PBXFileReference; fileEncoding = 4; lastKnownFileType = sourcecode.c.h; path = KCHTTPError.h; sourceTree = "<group>"; };
		E73ED6A5179A5C840062643B /* KCHTTPError.m */ = {isa = PBXFileReference; fileEncoding = 4; lastKnownFileType = sourcecode.c.objc; path = KCHTTPError.m; sourceTree = "<group>"; };
		E73ED6A7179A5C840062643B /* KCHTTPURLResponse.h */ = {isa = PBXFileReference; fileEncoding = 4; lastKnownFileType = sourcecode.c.h; path = KCHTTPURLResponse.h; sourceTree = "<group>"; };
		E73ED6A8179A5C840062643B /* KCHTTPURLResponse.m */ = {isa = PBXFileReference; fileEncoding = 4; lastKnownFileType = sourcecode.c.objc; path = KCHTTPURLResponse.m; sourceTree = "<group>"; };
		E73ED6AA179A5C840062643B /* KCHTTPURLResponseHandler.h */ = {isa = PBXFileReference; fileEncoding = 4; lastKnownFileType = sourcecode.c.h; path = KCHTTPURLResponseHandler.h; sourceTree = "<group>"; };
		E73ED6AB179A5C840062643B /* KCHTTPURLResponseHandler.m */ = {isa = PBXFileReference; fileEncoding = 4; lastKnownFileType = sourcecode.c.objc; path = KCHTTPURLResponseHandler.m; sourceTree = "<group>"; };
		E73ED6AD179A5C840062643B /* KCMutableURLRequest.h */ = {isa = PBXFileReference; fileEncoding = 4; lastKnownFileType = sourcecode.c.h; path = KCMutableURLRequest.h; sourceTree = "<group>"; };
		E73ED6AE179A5C840062643B /* KCMutableURLRequest.m */ = {isa = PBXFileReference; fileEncoding = 4; lastKnownFileType = sourcecode.c.objc; path = KCMutableURLRequest.m; sourceTree = "<group>"; };
		E73ED6B0179A5C840062643B /* KCURLConnection.h */ = {isa = PBXFileReference; fileEncoding = 4; lastKnownFileType = sourcecode.c.h; path = KCURLConnection.h; sourceTree = "<group>"; };
		E73ED6B1179A5C840062643B /* KCURLConnection.m */ = {isa = PBXFileReference; fileEncoding = 4; lastKnownFileType = sourcecode.c.objc; path = KCURLConnection.m; sourceTree = "<group>"; };
		E73ED6B3179A5C840062643B /* KCURLConnectionDelegate.h */ = {isa = PBXFileReference; fileEncoding = 4; lastKnownFileType = sourcecode.c.h; path = KCURLConnectionDelegate.h; sourceTree = "<group>"; };
		E73ED6B4179A5C840062643B /* KCURLConnectionDelegate.m */ = {isa = PBXFileReference; fileEncoding = 4; lastKnownFileType = sourcecode.c.objc; path = KCURLConnectionDelegate.m; sourceTree = "<group>"; };
		E73ED6B6179A5C840062643B /* KCURLConnectionThreadManager.h */ = {isa = PBXFileReference; fileEncoding = 4; lastKnownFileType = sourcecode.c.h; path = KCURLConnectionThreadManager.h; sourceTree = "<group>"; };
		E73ED6B7179A5C840062643B /* KCURLConnectionThreadManager.m */ = {isa = PBXFileReference; fileEncoding = 4; lastKnownFileType = sourcecode.c.objc; path = KCURLConnectionThreadManager.m; sourceTree = "<group>"; };
		E73ED6B9179A5C840062643B /* KCURLConnectiontimerManager.h */ = {isa = PBXFileReference; fileEncoding = 4; lastKnownFileType = sourcecode.c.h; path = KCURLConnectiontimerManager.h; sourceTree = "<group>"; };
		E73ED6BA179A5C840062643B /* KCURLConnectiontimerManager.m */ = {isa = PBXFileReference; fileEncoding = 4; lastKnownFileType = sourcecode.c.objc; path = KCURLConnectiontimerManager.m; sourceTree = "<group>"; };
		E73ED6BC179A5C840062643B /* UIImage+KCServices.h */ = {isa = PBXFileReference; fileEncoding = 4; lastKnownFileType = sourcecode.c.h; path = "UIImage+KCServices.h"; sourceTree = "<group>"; };
		E73ED6BD179A5C840062643B /* UIImage+KCServices.m */ = {isa = PBXFileReference; fileEncoding = 4; lastKnownFileType = sourcecode.c.objc; path = "UIImage+KCServices.m"; sourceTree = "<group>"; };
		E73ED6BF179A5C840062643B /* KCJSON.h */ = {isa = PBXFileReference; fileEncoding = 4; lastKnownFileType = sourcecode.c.h; path = KCJSON.h; sourceTree = "<group>"; };
		E73ED6C0179A5C840062643B /* KCJSONError.h */ = {isa = PBXFileReference; fileEncoding = 4; lastKnownFileType = sourcecode.c.h; path = KCJSONError.h; sourceTree = "<group>"; };
		E73ED6C1179A5C840062643B /* KCJSONError.m */ = {isa = PBXFileReference; fileEncoding = 4; lastKnownFileType = sourcecode.c.objc; path = KCJSONError.m; sourceTree = "<group>"; };
		E73ED6C2179A5C840062643B /* NSArray+KCJSONSerialization.h */ = {isa = PBXFileReference; fileEncoding = 4; lastKnownFileType = sourcecode.c.h; path = "NSArray+KCJSONSerialization.h"; sourceTree = "<group>"; };
		E73ED6C3179A5C840062643B /* NSArray+KCJSONSerialization.m */ = {isa = PBXFileReference; fileEncoding = 4; lastKnownFileType = sourcecode.c.objc; path = "NSArray+KCJSONSerialization.m"; sourceTree = "<group>"; };
		E73ED6C4179A5C840062643B /* NSData+KCJSONSerialization.h */ = {isa = PBXFileReference; fileEncoding = 4; lastKnownFileType = sourcecode.c.h; path = "NSData+KCJSONSerialization.h"; sourceTree = "<group>"; };
		E73ED6C5179A5C840062643B /* NSData+KCJSONSerialization.m */ = {isa = PBXFileReference; fileEncoding = 4; lastKnownFileType = sourcecode.c.objc; path = "NSData+KCJSONSerialization.m"; sourceTree = "<group>"; };
		E73ED6C6179A5C840062643B /* NSDictionary+KCJSONSerialization.h */ = {isa = PBXFileReference; fileEncoding = 4; lastKnownFileType = sourcecode.c.h; path = "NSDictionary+KCJSONSerialization.h"; sourceTree = "<group>"; };
		E73ED6C7179A5C840062643B /* NSDictionary+KCJSONSerialization.m */ = {isa = PBXFileReference; fileEncoding = 4; lastKnownFileType = sourcecode.c.objc; path = "NSDictionary+KCJSONSerialization.m"; sourceTree = "<group>"; };
		E73ED6C8179A5C840062643B /* NSDictionary+KCParseJSON.h */ = {isa = PBXFileReference; fileEncoding = 4; lastKnownFileType = sourcecode.c.h; path = "NSDictionary+KCParseJSON.h"; sourceTree = "<group>"; };
		E73ED6C9179A5C840062643B /* NSDictionary+KCParseJSON.m */ = {isa = PBXFileReference; fileEncoding = 4; lastKnownFileType = sourcecode.c.objc; path = "NSDictionary+KCParseJSON.m"; sourceTree = "<group>"; };
		E73ED6CA179A5C840062643B /* NSObject+KCJSONSerialization.h */ = {isa = PBXFileReference; fileEncoding = 4; lastKnownFileType = sourcecode.c.h; path = "NSObject+KCJSONSerialization.h"; sourceTree = "<group>"; };
		E73ED6CB179A5C840062643B /* NSObject+KCJSONSerialization.m */ = {isa = PBXFileReference; fileEncoding = 4; lastKnownFileType = sourcecode.c.objc; path = "NSObject+KCJSONSerialization.m"; sourceTree = "<group>"; };
		E73ED6CC179A5C840062643B /* NSString+KCJSONSerialization.h */ = {isa = PBXFileReference; fileEncoding = 4; lastKnownFileType = sourcecode.c.h; path = "NSString+KCJSONSerialization.h"; sourceTree = "<group>"; };
		E73ED6CD179A5C840062643B /* NSString+KCJSONSerialization.m */ = {isa = PBXFileReference; fileEncoding = 4; lastKnownFileType = sourcecode.c.objc; path = "NSString+KCJSONSerialization.m"; sourceTree = "<group>"; };
		E73ED6CE179A5C840062643B /* KCUtility.h */ = {isa = PBXFileReference; fileEncoding = 4; lastKnownFileType = sourcecode.c.h; path = KCUtility.h; sourceTree = "<group>"; };
		E73ED6D0179A5C840062643B /* KCLocationManager.h */ = {isa = PBXFileReference; fileEncoding = 4; lastKnownFileType = sourcecode.c.h; path = KCLocationManager.h; sourceTree = "<group>"; };
		E73ED6D1179A5C840062643B /* KCLocationManager.m */ = {isa = PBXFileReference; fileEncoding = 4; lastKnownFileType = sourcecode.c.objc; path = KCLocationManager.m; sourceTree = "<group>"; };
		E73ED6D3179A5C840062643B /* UIScreen+KCServices.h */ = {isa = PBXFileReference; fileEncoding = 4; lastKnownFileType = sourcecode.c.h; path = "UIScreen+KCServices.h"; sourceTree = "<group>"; };
		E73ED6D4179A5C840062643B /* UIScreen+KCServices.m */ = {isa = PBXFileReference; fileEncoding = 4; lastKnownFileType = sourcecode.c.objc; path = "UIScreen+KCServices.m"; sourceTree = "<group>"; };
		E74B08F5179507D200B82BE7 /* KCViewController.h */ = {isa = PBXFileReference; fileEncoding = 4; lastKnownFileType = sourcecode.c.h; path = KCViewController.h; sourceTree = "<group>"; };
		E74B08F6179507D200B82BE7 /* KCViewController.m */ = {isa = PBXFileReference; fileEncoding = 4; lastKnownFileType = sourcecode.c.objc; path = KCViewController.m; sourceTree = "<group>"; };
		E74B08FB1795083300B82BE7 /* KCNavigationController.h */ = {isa = PBXFileReference; fileEncoding = 4; lastKnownFileType = sourcecode.c.h; path = KCNavigationController.h; sourceTree = "<group>"; };
		E74B08FC1795083300B82BE7 /* KCNavigationController.m */ = {isa = PBXFileReference; fileEncoding = 4; lastKnownFileType = sourcecode.c.objc; path = KCNavigationController.m; sourceTree = "<group>"; };
		E753F0AB179512AF00E4EE74 /* navigation_header.png */ = {isa = PBXFileReference; lastKnownFileType = image.png; path = navigation_header.png; sourceTree = "<group>"; };
		E753F0AC179512AF00E4EE74 /* navigation_header@2x.png */ = {isa = PBXFileReference; lastKnownFileType = image.png; path = "navigation_header@2x.png"; sourceTree = "<group>"; };
		E75C034C179C4DEE00DEC71D /* UIColor+KCServices.h */ = {isa = PBXFileReference; fileEncoding = 4; lastKnownFileType = sourcecode.c.h; path = "UIColor+KCServices.h"; sourceTree = "<group>"; };
		E75C034D179C4DEE00DEC71D /* UIColor+KCServices.m */ = {isa = PBXFileReference; fileEncoding = 4; lastKnownFileType = sourcecode.c.objc; path = "UIColor+KCServices.m"; sourceTree = "<group>"; };
		E76BA1EF177653AF001EDCCA /* libKCLibrary.a */ = {isa = PBXFileReference; explicitFileType = archive.ar; includeInIndex = 0; path = libKCLibrary.a; sourceTree = BUILT_PRODUCTS_DIR; };
		E76BA1F2177653AF001EDCCA /* Foundation.framework */ = {isa = PBXFileReference; lastKnownFileType = wrapper.framework; name = Foundation.framework; path = System/Library/Frameworks/Foundation.framework; sourceTree = SDKROOT; };
		E76BA1F6177653AF001EDCCA /* KCLibrary-Prefix.pch */ = {isa = PBXFileReference; lastKnownFileType = sourcecode.c.h; path = "KCLibrary-Prefix.pch"; sourceTree = "<group>"; };
		E7DC2D24179B765A00DF53B0 /* KCScrollPageView.h */ = {isa = PBXFileReference; fileEncoding = 4; lastKnownFileType = sourcecode.c.h; path = KCScrollPageView.h; sourceTree = "<group>"; };
		E7DC2D25179B765A00DF53B0 /* KCScrollPageView.m */ = {isa = PBXFileReference; fileEncoding = 4; lastKnownFileType = sourcecode.c.objc; path = KCScrollPageView.m; sourceTree = "<group>"; };
		E7DC2D27179B769F00DF53B0 /* KCScrollViewDelegate.h */ = {isa = PBXFileReference; fileEncoding = 4; lastKnownFileType = sourcecode.c.h; path = KCScrollViewDelegate.h; sourceTree = "<group>"; };
		E7DC2D28179B76EC00DF53B0 /* KCScrollView.h */ = {isa = PBXFileReference; fileEncoding = 4; lastKnownFileType = sourcecode.c.h; path = KCScrollView.h; sourceTree = "<group>"; };
		E7DC2D29179B76EC00DF53B0 /* KCScrollView.m */ = {isa = PBXFileReference; fileEncoding = 4; lastKnownFileType = sourcecode.c.objc; path = KCScrollView.m; sourceTree = "<group>"; };
		E7DC2D2E179B99DF00DF53B0 /* KCTabMenuView.h */ = {isa = PBXFileReference; fileEncoding = 4; lastKnownFileType = sourcecode.c.h; path = KCTabMenuView.h; sourceTree = "<group>"; };
		E7DC2D2F179B99DF00DF53B0 /* KCTabMenuView.m */ = {isa = PBXFileReference; fileEncoding = 4; lastKnownFileType = sourcecode.c.objc; path = KCTabMenuView.m; sourceTree = "<group>"; };
		E7DC2D31179B9A2600DF53B0 /* KCMenuItem.h */ = {isa = PBXFileReference; fileEncoding = 4; lastKnownFileType = sourcecode.c.h; path = KCMenuItem.h; sourceTree = "<group>"; };
		E7DC2D32179B9A2600DF53B0 /* KCMenuItem.m */ = {isa = PBXFileReference; fileEncoding = 4; lastKnownFileType = sourcecode.c.objc; path = KCMenuItem.m; sourceTree = "<group>"; };
		E7DC2D34179B9BA800DF53B0 /* KCButton.h */ = {isa = PBXFileReference; fileEncoding = 4; lastKnownFileType = sourcecode.c.h; path = KCButton.h; sourceTree = "<group>"; };
		E7DC2D35179B9BA900DF53B0 /* KCButton.m */ = {isa = PBXFileReference; fileEncoding = 4; lastKnownFileType = sourcecode.c.objc; path = KCButton.m; sourceTree = "<group>"; };
/* End PBXFileReference section */

/* Begin PBXFrameworksBuildPhase section */
		E76BA1EC177653AF001EDCCA /* Frameworks */ = {
			isa = PBXFrameworksBuildPhase;
			buildActionMask = 2147483647;
			files = (
				E73A02D61792866900DF1285 /* QuartzCore.framework in Frameworks */,
				E73A02D41792866400DF1285 /* CoreLocation.framework in Frameworks */,
				E76BA1F3177653AF001EDCCA /* Foundation.framework in Frameworks */,
			);
			runOnlyForDeploymentPostprocessing = 0;
		};
/* End PBXFrameworksBuildPhase section */

/* Begin PBXGroup section */
		E73ED5A9179A4CD80062643B /* Modal */ = {
			isa = PBXGroup;
			children = (
				E73ED5AC179A4D090062643B /* Entity */,
				E73ED5AB179A4CF60062643B /* Archive */,
			);
			path = Modal;
			sourceTree = "<group>";
		};
		E73ED5AB179A4CF60062643B /* Archive */ = {
			isa = PBXGroup;
			children = (
			);
			path = Archive;
			sourceTree = "<group>";
		};
		E73ED5AC179A4D090062643B /* Entity */ = {
			isa = PBXGroup;
			children = (
			);
			path = Entity;
			sourceTree = "<group>";
		};
		E73ED5B4179A53070062643B /* Global */ = {
			isa = PBXGroup;
			children = (
				E73ED5B5179A53070062643B /* KCLog.h */,
				E73ED61A179A532F0062643B /* KCNotifications.h */,
			);
			path = Global;
			sourceTree = "<group>";
		};
		E73ED649179A54710062643B /* View */ = {
			isa = PBXGroup;
			children = (
				E7DC2D2B179B99B500DF53B0 /* MenuView */,
				E7DC2D22179B764700DF53B0 /* ScrollView */,
				E73ED64A179A54710062643B /* ActionSheet */,
				E73ED64D179A54710062643B /* Button */,
				E73ED650179A54710062643B /* ImageView */,
				E73ED653179A54710062643B /* Label */,
				E73ED656179A54710062643B /* NavigationBar */,
				E73ED65D179A54710062643B /* View */,
			);
			path = View;
			sourceTree = "<group>";
		};
		E73ED64A179A54710062643B /* ActionSheet */ = {
			isa = PBXGroup;
			children = (
				E73ED64B179A54710062643B /* KCActionSheet.h */,
				E73ED64C179A54710062643B /* KCActionSheet.m */,
			);
			path = ActionSheet;
			sourceTree = "<group>";
		};
		E73ED64D179A54710062643B /* Button */ = {
			isa = PBXGroup;
			children = (
				E73ED64E179A54710062643B /* UIButton+KCServices.h */,
				E73ED64F179A54710062643B /* UIButton+KCServices.m */,
				E73ED677179A548A0062643B /* KCGradientButton.h */,
				E73ED678179A548A0062643B /* KCGradientButton.m */,
				E7DC2D34179B9BA800DF53B0 /* KCButton.h */,
				E7DC2D35179B9BA900DF53B0 /* KCButton.m */,
			);
			path = Button;
			sourceTree = "<group>";
		};
		E73ED650179A54710062643B /* ImageView */ = {
			isa = PBXGroup;
			children = (
				E73ED651179A54710062643B /* UIImageView+KCServices.h */,
				E73ED652179A54710062643B /* UIImageView+KCServices.m */,
			);
			path = ImageView;
			sourceTree = "<group>";
		};
		E73ED653179A54710062643B /* Label */ = {
			isa = PBXGroup;
			children = (
				E73ED654179A54710062643B /* UILabel+KCServices.h */,
				E73ED655179A54710062643B /* UILabel+KCServices.m */,
			);
			path = Label;
			sourceTree = "<group>";
		};
		E73ED656179A54710062643B /* NavigationBar */ = {
			isa = PBXGroup;
			children = (
				E73ED657179A54710062643B /* KCModalNavigationBar.h */,
				E73ED658179A54710062643B /* KCModalNavigationBar.m */,
				E73ED659179A54710062643B /* KCNavigationBar.h */,
				E73ED65A179A54710062643B /* KCNavigationBar.m */,
				E73ED65B179A54710062643B /* UINavigationItem+KCServices.h */,
				E73ED65C179A54710062643B /* UINavigationItem+KCServices.m */,
			);
			path = NavigationBar;
			sourceTree = "<group>";
		};
		E73ED65D179A54710062643B /* View */ = {
			isa = PBXGroup;
			children = (
				E73ED65E179A54710062643B /* KCGeometry.h */,
				E73ED65F179A54710062643B /* KCGeometry.m */,
				E73ED660179A54710062643B /* KCView.h */,
				E73ED661179A54710062643B /* KCView.m */,
				E73ED662179A54710062643B /* UIView+Gesture.h */,
				E73ED663179A54710062643B /* UIView+Gesture.m */,
				E73ED664179A54710062643B /* UIView+KCServices.h */,
				E73ED665179A54710062643B /* UIView+KCServices.m */,
				E73ED666179A54710062643B /* UIView+QuartzCore.h */,
				E73ED667179A54710062643B /* UIView+QuartzCore.m */,
				E73ED668179A54710062643B /* UIView+Transition.h */,
				E73ED669179A54710062643B /* UIView+Transition.m */,
			);
			path = View;
			sourceTree = "<group>";
		};
		E73ED683179A5C840062643B /* Utility */ = {
			isa = PBXGroup;
			children = (
				E73ED684179A5C840062643B /* BlockHandler */,
				E73ED687179A5C840062643B /* Error */,
				E73ED68B179A5C840062643B /* ErrorBundleResponse */,
				E73ED68E179A5C840062643B /* Extension */,
				E73ED6A2179A5C840062643B /* HTTP */,
				E73ED6BB179A5C840062643B /* Image */,
				E73ED6BE179A5C840062643B /* JSON */,
				E73ED6CE179A5C840062643B /* KCUtility.h */,
				E73ED6CF179A5C840062643B /* Location */,
				E73ED6D2179A5C840062643B /* UIScreen */,
			);
			path = Utility;
			sourceTree = "<group>";
		};
		E73ED684179A5C840062643B /* BlockHandler */ = {
			isa = PBXGroup;
			children = (
				E73ED685179A5C840062643B /* KCBlockHandler.h */,
				E73ED686179A5C840062643B /* KCBlockHandler.m */,
			);
			path = BlockHandler;
			sourceTree = "<group>";
		};
		E73ED687179A5C840062643B /* Error */ = {
			isa = PBXGroup;
			children = (
				E73ED688179A5C840062643B /* KCError */,
			);
			path = Error;
			sourceTree = "<group>";
		};
		E73ED688179A5C840062643B /* KCError */ = {
			isa = PBXGroup;
			children = (
				E73ED689179A5C840062643B /* KCError.h */,
				E73ED68A179A5C840062643B /* KCError.m */,
			);
			path = KCError;
			sourceTree = "<group>";
		};
		E73ED68B179A5C840062643B /* ErrorBundleResponse */ = {
			isa = PBXGroup;
			children = (
				E73ED68C179A5C840062643B /* KCErrorResponse.h */,
				E73ED68D179A5C840062643B /* KCErrorResponse.m */,
			);
			path = ErrorBundleResponse;
			sourceTree = "<group>";
		};
		E73ED68E179A5C840062643B /* Extension */ = {
			isa = PBXGroup;
			children = (
				E75C034A179C4DDE00DEC71D /* UIColor */,
				E73ED68F179A5C840062643B /* NSArray */,
				E73ED693179A5C840062643B /* NSDate */,
				E73ED696179A5C840062643B /* NSNumber */,
				E73ED699179A5C840062643B /* NSObject */,
				E73ED69C179A5C840062643B /* NSString */,
				E73ED69F179A5C840062643B /* UIFont */,
			);
			path = Extension;
			sourceTree = "<group>";
		};
		E73ED68F179A5C840062643B /* NSArray */ = {
			isa = PBXGroup;
			children = (
				E73ED690179A5C840062643B /* NSArray+Extension.h */,
				E73ED691179A5C840062643B /* NSArray+KCServices.h */,
				E73ED692179A5C840062643B /* NSArray+KCServices.m */,
			);
			path = NSArray;
			sourceTree = "<group>";
		};
		E73ED693179A5C840062643B /* NSDate */ = {
			isa = PBXGroup;
			children = (
				E73ED694179A5C840062643B /* NSDate+KCServices.h */,
				E73ED695179A5C840062643B /* NSDate+KCServices.m */,
			);
			path = NSDate;
			sourceTree = "<group>";
		};
		E73ED696179A5C840062643B /* NSNumber */ = {
			isa = PBXGroup;
			children = (
				E73ED697179A5C840062643B /* NSNumber+KCServices.h */,
				E73ED698179A5C840062643B /* NSNumber+KCServices.m */,
			);
			path = NSNumber;
			sourceTree = "<group>";
		};
		E73ED699179A5C840062643B /* NSObject */ = {
			isa = PBXGroup;
			children = (
				E73ED69A179A5C840062643B /* NSObject+KCServices.h */,
				E73ED69B179A5C840062643B /* NSObject+KCServices.m */,
			);
			path = NSObject;
			sourceTree = "<group>";
		};
		E73ED69C179A5C840062643B /* NSString */ = {
			isa = PBXGroup;
			children = (
				E73ED69D179A5C840062643B /* NSString+KCServices.h */,
				E73ED69E179A5C840062643B /* NSString+KCServices.m */,
			);
			path = NSString;
			sourceTree = "<group>";
		};
		E73ED69F179A5C840062643B /* UIFont */ = {
			isa = PBXGroup;
			children = (
				E73ED6A0179A5C840062643B /* UIFont+KCServices.h */,
				E73ED6A1179A5C840062643B /* UIFont+KCServices.m */,
			);
			path = UIFont;
			sourceTree = "<group>";
		};
		E73ED6A2179A5C840062643B /* HTTP */ = {
			isa = PBXGroup;
			children = (
				E73ED6A3179A5C840062643B /* KCHTTPError */,
				E73ED6A6179A5C840062643B /* KCHTTPURLResponse */,
				E73ED6A9179A5C840062643B /* KCHTTPURLResponseHandler */,
				E73ED6AC179A5C840062643B /* KCMutableURLRequest */,
				E73ED6AF179A5C840062643B /* KCURLConnection */,
				E73ED6B2179A5C840062643B /* KCURLConnectionDelegate */,
				E73ED6B5179A5C840062643B /* KCURLConnectionThreadManager */,
				E73ED6B8179A5C840062643B /* KCURLConnectionTimerManager */,
			);
			path = HTTP;
			sourceTree = "<group>";
		};
		E73ED6A3179A5C840062643B /* KCHTTPError */ = {
			isa = PBXGroup;
			children = (
				E73ED6A4179A5C840062643B /* KCHTTPError.h */,
				E73ED6A5179A5C840062643B /* KCHTTPError.m */,
			);
			path = KCHTTPError;
			sourceTree = "<group>";
		};
		E73ED6A6179A5C840062643B /* KCHTTPURLResponse */ = {
			isa = PBXGroup;
			children = (
				E73ED6A7179A5C840062643B /* KCHTTPURLResponse.h */,
				E73ED6A8179A5C840062643B /* KCHTTPURLResponse.m */,
			);
			path = KCHTTPURLResponse;
			sourceTree = "<group>";
		};
		E73ED6A9179A5C840062643B /* KCHTTPURLResponseHandler */ = {
			isa = PBXGroup;
			children = (
				E73ED6AA179A5C840062643B /* KCHTTPURLResponseHandler.h */,
				E73ED6AB179A5C840062643B /* KCHTTPURLResponseHandler.m */,
			);
			path = KCHTTPURLResponseHandler;
			sourceTree = "<group>";
		};
		E73ED6AC179A5C840062643B /* KCMutableURLRequest */ = {
			isa = PBXGroup;
			children = (
				E73ED6AD179A5C840062643B /* KCMutableURLRequest.h */,
				E73ED6AE179A5C840062643B /* KCMutableURLRequest.m */,
			);
			path = KCMutableURLRequest;
			sourceTree = "<group>";
		};
		E73ED6AF179A5C840062643B /* KCURLConnection */ = {
			isa = PBXGroup;
			children = (
				E73ED6B0179A5C840062643B /* KCURLConnection.h */,
				E73ED6B1179A5C840062643B /* KCURLConnection.m */,
			);
			path = KCURLConnection;
			sourceTree = "<group>";
		};
		E73ED6B2179A5C840062643B /* KCURLConnectionDelegate */ = {
			isa = PBXGroup;
			children = (
				E73ED6B3179A5C840062643B /* KCURLConnectionDelegate.h */,
				E73ED6B4179A5C840062643B /* KCURLConnectionDelegate.m */,
			);
			path = KCURLConnectionDelegate;
			sourceTree = "<group>";
		};
		E73ED6B5179A5C840062643B /* KCURLConnectionThreadManager */ = {
			isa = PBXGroup;
			children = (
				E73ED6B6179A5C840062643B /* KCURLConnectionThreadManager.h */,
				E73ED6B7179A5C840062643B /* KCURLConnectionThreadManager.m */,
			);
			path = KCURLConnectionThreadManager;
			sourceTree = "<group>";
		};
		E73ED6B8179A5C840062643B /* KCURLConnectionTimerManager */ = {
			isa = PBXGroup;
			children = (
				E73ED6B9179A5C840062643B /* KCURLConnectiontimerManager.h */,
				E73ED6BA179A5C840062643B /* KCURLConnectiontimerManager.m */,
			);
			path = KCURLConnectionTimerManager;
			sourceTree = "<group>";
		};
		E73ED6BB179A5C840062643B /* Image */ = {
			isa = PBXGroup;
			children = (
				E73ED6BC179A5C840062643B /* UIImage+KCServices.h */,
				E73ED6BD179A5C840062643B /* UIImage+KCServices.m */,
			);
			path = Image;
			sourceTree = "<group>";
		};
		E73ED6BE179A5C840062643B /* JSON */ = {
			isa = PBXGroup;
			children = (
				E73ED6BF179A5C840062643B /* KCJSON.h */,
				E73ED6C0179A5C840062643B /* KCJSONError.h */,
				E73ED6C1179A5C840062643B /* KCJSONError.m */,
				E73ED6C2179A5C840062643B /* NSArray+KCJSONSerialization.h */,
				E73ED6C3179A5C840062643B /* NSArray+KCJSONSerialization.m */,
				E73ED6C4179A5C840062643B /* NSData+KCJSONSerialization.h */,
				E73ED6C5179A5C840062643B /* NSData+KCJSONSerialization.m */,
				E73ED6C6179A5C840062643B /* NSDictionary+KCJSONSerialization.h */,
				E73ED6C7179A5C840062643B /* NSDictionary+KCJSONSerialization.m */,
				E73ED6C8179A5C840062643B /* NSDictionary+KCParseJSON.h */,
				E73ED6C9179A5C840062643B /* NSDictionary+KCParseJSON.m */,
				E73ED6CA179A5C840062643B /* NSObject+KCJSONSerialization.h */,
				E73ED6CB179A5C840062643B /* NSObject+KCJSONSerialization.m */,
				E73ED6CC179A5C840062643B /* NSString+KCJSONSerialization.h */,
				E73ED6CD179A5C840062643B /* NSString+KCJSONSerialization.m */,
			);
			path = JSON;
			sourceTree = "<group>";
		};
		E73ED6CF179A5C840062643B /* Location */ = {
			isa = PBXGroup;
			children = (
				E73ED6D0179A5C840062643B /* KCLocationManager.h */,
				E73ED6D1179A5C840062643B /* KCLocationManager.m */,
			);
			path = Location;
			sourceTree = "<group>";
		};
		E73ED6D2179A5C840062643B /* UIScreen */ = {
			isa = PBXGroup;
			children = (
				E73ED6D3179A5C840062643B /* UIScreen+KCServices.h */,
				E73ED6D4179A5C840062643B /* UIScreen+KCServices.m */,
			);
			path = UIScreen;
			sourceTree = "<group>";
		};
		E74B08EF179502B300B82BE7 /* Controller */ = {
			isa = PBXGroup;
			children = (
				E74B08F3179507D200B82BE7 /* KCNavigationController */,
				E74B08F4179507D200B82BE7 /* KCViewController */,
			);
			path = Controller;
			sourceTree = "<group>";
		};
		E74B08F3179507D200B82BE7 /* KCNavigationController */ = {
			isa = PBXGroup;
			children = (
				E74B08FB1795083300B82BE7 /* KCNavigationController.h */,
				E74B08FC1795083300B82BE7 /* KCNavigationController.m */,
			);
			path = KCNavigationController;
			sourceTree = "<group>";
		};
		E74B08F4179507D200B82BE7 /* KCViewController */ = {
			isa = PBXGroup;
			children = (
				E74B08F5179507D200B82BE7 /* KCViewController.h */,
				E74B08F6179507D200B82BE7 /* KCViewController.m */,
			);
			path = KCViewController;
			sourceTree = "<group>";
		};
		E74B09051795123300B82BE7 /* Bundle */ = {
			isa = PBXGroup;
			children = (
				E74B09061795123300B82BE7 /* Images */,
			);
			path = Bundle;
			sourceTree = "<group>";
		};
		E74B09061795123300B82BE7 /* Images */ = {
			isa = PBXGroup;
			children = (
				E753F0AA179512AF00E4EE74 /* Navigation */,
			);
			path = Images;
			sourceTree = "<group>";
		};
		E753F0AA179512AF00E4EE74 /* Navigation */ = {
			isa = PBXGroup;
			children = (
				E753F0AB179512AF00E4EE74 /* navigation_header.png */,
				E753F0AC179512AF00E4EE74 /* navigation_header@2x.png */,
			);
			path = Navigation;
			sourceTree = "<group>";
		};
		E75C034A179C4DDE00DEC71D /* UIColor */ = {
			isa = PBXGroup;
			children = (
				E75C034C179C4DEE00DEC71D /* UIColor+KCServices.h */,
				E75C034D179C4DEE00DEC71D /* UIColor+KCServices.m */,
			);
			path = UIColor;
			sourceTree = "<group>";
		};
		E76BA1E4177653AF001EDCCA = {
			isa = PBXGroup;
			children = (
				E74B09051795123300B82BE7 /* Bundle */,
				E76BA1F4177653AF001EDCCA /* KCLibrary */,
				E76BA1F1177653AF001EDCCA /* Frameworks */,
				E76BA1F0177653AF001EDCCA /* Products */,
			);
			sourceTree = "<group>";
		};
		E76BA1F0177653AF001EDCCA /* Products */ = {
			isa = PBXGroup;
			children = (
				E76BA1EF177653AF001EDCCA /* libKCLibrary.a */,
			);
			name = Products;
			sourceTree = "<group>";
		};
		E76BA1F1177653AF001EDCCA /* Frameworks */ = {
			isa = PBXGroup;
			children = (
				E73A02D51792866900DF1285 /* QuartzCore.framework */,
				E73A02D31792866400DF1285 /* CoreLocation.framework */,
				E76BA1F2177653AF001EDCCA /* Foundation.framework */,
			);
			name = Frameworks;
			sourceTree = "<group>";
		};
		E76BA1F4177653AF001EDCCA /* KCLibrary */ = {
			isa = PBXGroup;
			children = (
				E73ED683179A5C840062643B /* Utility */,
				E73ED649179A54710062643B /* View */,
				E73ED5B4179A53070062643B /* Global */,
				E73ED5A9179A4CD80062643B /* Modal */,
				E74B08EF179502B300B82BE7 /* Controller */,
				E76BA1F5177653AF001EDCCA /* Supporting Files */,
			);
			path = KCLibrary;
			sourceTree = "<group>";
		};
		E76BA1F5177653AF001EDCCA /* Supporting Files */ = {
			isa = PBXGroup;
			children = (
				E76BA1F6177653AF001EDCCA /* KCLibrary-Prefix.pch */,
			);
			name = "Supporting Files";
			sourceTree = "<group>";
		};
		E7DC2D22179B764700DF53B0 /* ScrollView */ = {
			isa = PBXGroup;
			children = (
				E7DC2D24179B765A00DF53B0 /* KCScrollPageView.h */,
				E7DC2D25179B765A00DF53B0 /* KCScrollPageView.m */,
				E7DC2D27179B769F00DF53B0 /* KCScrollViewDelegate.h */,
				E7DC2D28179B76EC00DF53B0 /* KCScrollView.h */,
				E7DC2D29179B76EC00DF53B0 /* KCScrollView.m */,
			);
			path = ScrollView;
			sourceTree = "<group>";
		};
		E7DC2D2B179B99B500DF53B0 /* MenuView */ = {
			isa = PBXGroup;
			children = (
				E7DC2D2D179B99C800DF53B0 /* MenuItem */,
				E7DC2D2C179B99B500DF53B0 /* TabMenuView */,
			);
			path = MenuView;
			sourceTree = "<group>";
		};
		E7DC2D2C179B99B500DF53B0 /* TabMenuView */ = {
			isa = PBXGroup;
			children = (
				E7DC2D2E179B99DF00DF53B0 /* KCTabMenuView.h */,
				E7DC2D2F179B99DF00DF53B0 /* KCTabMenuView.m */,
			);
			path = TabMenuView;
			sourceTree = "<group>";
		};
		E7DC2D2D179B99C800DF53B0 /* MenuItem */ = {
			isa = PBXGroup;
			children = (
				E7DC2D31179B9A2600DF53B0 /* KCMenuItem.h */,
				E7DC2D32179B9A2600DF53B0 /* KCMenuItem.m */,
			);
			path = MenuItem;
			sourceTree = "<group>";
		};
/* End PBXGroup section */

/* Begin PBXNativeTarget section */
		E76BA1EE177653AF001EDCCA /* KCLibrary */ = {
			isa = PBXNativeTarget;
			buildConfigurationList = E76BA1FD177653AF001EDCCA /* Build configuration list for PBXNativeTarget "KCLibrary" */;
			buildPhases = (
				E76BA1EB177653AF001EDCCA /* Sources */,
				E76BA1EC177653AF001EDCCA /* Frameworks */,
				E76BA1ED177653AF001EDCCA /* CopyFiles */,
			);
			buildRules = (
			);
			dependencies = (
			);
			name = KCLibrary;
			productName = KCLibrary;
			productReference = E76BA1EF177653AF001EDCCA /* libKCLibrary.a */;
			productType = "com.apple.product-type.library.static";
		};
/* End PBXNativeTarget section */

/* Begin PBXProject section */
		E76BA1E6177653AF001EDCCA /* Project object */ = {
			isa = PBXProject;
			attributes = {
				LastUpgradeCheck = 0450;
				ORGANIZATIONNAME = "Shengzhe Chen";
			};
			buildConfigurationList = E76BA1E9177653AF001EDCCA /* Build configuration list for PBXProject "KCLibrary" */;
			compatibilityVersion = "Xcode 3.2";
			developmentRegion = English;
			hasScannedForEncodings = 0;
			knownRegions = (
				en,
			);
			mainGroup = E76BA1E4177653AF001EDCCA;
			productRefGroup = E76BA1F0177653AF001EDCCA /* Products */;
			projectDirPath = "";
			projectRoot = "";
			targets = (
				E76BA1EE177653AF001EDCCA /* KCLibrary */,
			);
		};
/* End PBXProject section */

/* Begin PBXSourcesBuildPhase section */
		E76BA1EB177653AF001EDCCA /* Sources */ = {
			isa = PBXSourcesBuildPhase;
			buildActionMask = 2147483647;
			files = (
				E74B08F7179507D200B82BE7 /* KCViewController.m in Sources */,
				E74B08FD1795083300B82BE7 /* KCNavigationController.m in Sources */,
				E73ED66A179A54710062643B /* KCActionSheet.m in Sources */,
				E73ED66B179A54710062643B /* UIButton+KCServices.m in Sources */,
				E73ED66C179A54710062643B /* UIImageView+KCServices.m in Sources */,
				E73ED66D179A54710062643B /* UILabel+KCServices.m in Sources */,
				E73ED66E179A54710062643B /* KCModalNavigationBar.m in Sources */,
				E73ED66F179A54710062643B /* KCNavigationBar.m in Sources */,
				E73ED670179A54710062643B /* UINavigationItem+KCServices.m in Sources */,
				E73ED671179A54710062643B /* KCGeometry.m in Sources */,
				E73ED672179A54710062643B /* KCView.m in Sources */,
				E73ED673179A54710062643B /* UIView+Gesture.m in Sources */,
				E73ED674179A54710062643B /* UIView+KCServices.m in Sources */,
				E73ED675179A54710062643B /* UIView+QuartzCore.m in Sources */,
				E73ED676179A54710062643B /* UIView+Transition.m in Sources */,
				E73ED679179A548A0062643B /* KCGradientButton.m in Sources */,
				E73ED6D5179A5C840062643B /* KCBlockHandler.m in Sources */,
				E73ED6D6179A5C840062643B /* KCError.m in Sources */,
				E73ED6D7179A5C840062643B /* KCErrorResponse.m in Sources */,
				E73ED6D8179A5C840062643B /* NSArray+KCServices.m in Sources */,
				E73ED6D9179A5C840062643B /* NSDate+KCServices.m in Sources */,
				E73ED6DA179A5C840062643B /* NSNumber+KCServices.m in Sources */,
				E73ED6DB179A5C840062643B /* NSObject+KCServices.m in Sources */,
				E73ED6DC179A5C840062643B /* NSString+KCServices.m in Sources */,
				E73ED6DD179A5C840062643B /* UIFont+KCServices.m in Sources */,
				E73ED6DE179A5C840062643B /* KCHTTPError.m in Sources */,
				E73ED6DF179A5C840062643B /* KCHTTPURLResponse.m in Sources */,
				E73ED6E0179A5C840062643B /* KCHTTPURLResponseHandler.m in Sources */,
				E73ED6E1179A5C840062643B /* KCMutableURLRequest.m in Sources */,
				E73ED6E2179A5C840062643B /* KCURLConnection.m in Sources */,
				E73ED6E3179A5C840062643B /* KCURLConnectionDelegate.m in Sources */,
				E73ED6E4179A5C840062643B /* KCURLConnectionThreadManager.m in Sources */,
				E73ED6E5179A5C840062643B /* KCURLConnectiontimerManager.m in Sources */,
				E73ED6E6179A5C840062643B /* UIImage+KCServices.m in Sources */,
				E73ED6E7179A5C840062643B /* KCJSONError.m in Sources */,
				E73ED6E8179A5C840062643B /* NSArray+KCJSONSerialization.m in Sources */,
				E73ED6E9179A5C840062643B /* NSData+KCJSONSerialization.m in Sources */,
				E73ED6EA179A5C840062643B /* NSDictionary+KCJSONSerialization.m in Sources */,
				E73ED6EB179A5C840062643B /* NSDictionary+KCParseJSON.m in Sources */,
				E73ED6EC179A5C840062643B /* NSObject+KCJSONSerialization.m in Sources */,
				E73ED6ED179A5C840062643B /* NSString+KCJSONSerialization.m in Sources */,
				E73ED6EE179A5C840062643B /* KCLocationManager.m in Sources */,
				E73ED6EF179A5C840062643B /* UIScreen+KCServices.m in Sources */,
				E7DC2D26179B765A00DF53B0 /* KCScrollPageView.m in Sources */,
				E7DC2D2A179B76EC00DF53B0 /* KCScrollView.m in Sources */,
				E7DC2D30179B99DF00DF53B0 /* KCTabMenuView.m in Sources */,
				E7DC2D33179B9A2600DF53B0 /* KCMenuItem.m in Sources */,
				E7DC2D36179B9BA900DF53B0 /* KCButton.m in Sources */,
				E75C034E179C4DEE00DEC71D /* UIColor+KCServices.m in Sources */,
			);
			runOnlyForDeploymentPostprocessing = 0;
		};
/* End PBXSourcesBuildPhase section */

/* Begin XCBuildConfiguration section */
		E76BA1FB177653AF001EDCCA /* Debug */ = {
			isa = XCBuildConfiguration;
			buildSettings = {
				ALWAYS_SEARCH_USER_PATHS = NO;
				CLANG_CXX_LANGUAGE_STANDARD = "gnu++0x";
				CLANG_CXX_LIBRARY = "libc++";
				CLANG_ENABLE_OBJC_ARC = YES;
				CLANG_WARN_EMPTY_BODY = YES;
				CLANG_WARN__DUPLICATE_METHOD_MATCH = YES;
				COPY_PHASE_STRIP = NO;
				GCC_C_LANGUAGE_STANDARD = gnu99;
				GCC_DYNAMIC_NO_PIC = NO;
				GCC_OPTIMIZATION_LEVEL = 0;
				GCC_PREPROCESSOR_DEFINITIONS = (
					"DEBUG=1",
					"$(inherited)",
				);
				GCC_SYMBOLS_PRIVATE_EXTERN = NO;
				GCC_WARN_ABOUT_RETURN_TYPE = YES;
				GCC_WARN_UNINITIALIZED_AUTOS = YES;
				GCC_WARN_UNUSED_VARIABLE = YES;
				IPHONEOS_DEPLOYMENT_TARGET = 6.0;
				SDKROOT = iphoneos;
			};
			name = Debug;
		};
		E76BA1FC177653AF001EDCCA /* Release */ = {
			isa = XCBuildConfiguration;
			buildSettings = {
				ALWAYS_SEARCH_USER_PATHS = NO;
				CLANG_CXX_LANGUAGE_STANDARD = "gnu++0x";
				CLANG_CXX_LIBRARY = "libc++";
				CLANG_ENABLE_OBJC_ARC = YES;
				CLANG_WARN_EMPTY_BODY = YES;
				CLANG_WARN__DUPLICATE_METHOD_MATCH = YES;
				COPY_PHASE_STRIP = YES;
				GCC_C_LANGUAGE_STANDARD = gnu99;
				GCC_WARN_ABOUT_RETURN_TYPE = YES;
				GCC_WARN_UNINITIALIZED_AUTOS = YES;
				GCC_WARN_UNUSED_VARIABLE = YES;
				IPHONEOS_DEPLOYMENT_TARGET = 6.0;
				SDKROOT = iphoneos;
				VALIDATE_PRODUCT = YES;
			};
			name = Release;
		};
		E76BA1FE177653AF001EDCCA /* Debug */ = {
			isa = XCBuildConfiguration;
			buildSettings = {
				DSTROOT = /tmp/KCLibrary.dst;
				GCC_PRECOMPILE_PREFIX_HEADER = YES;
				GCC_PREFIX_HEADER = "KCLibrary/KCLibrary-Prefix.pch";
				OTHER_LDFLAGS = "-ObjC";
				PRODUCT_NAME = "$(TARGET_NAME)";
				SKIP_INSTALL = YES;
			};
			name = Debug;
		};
		E76BA1FF177653AF001EDCCA /* Release */ = {
			isa = XCBuildConfiguration;
			buildSettings = {
				DSTROOT = /tmp/KCLibrary.dst;
				GCC_PRECOMPILE_PREFIX_HEADER = YES;
				GCC_PREFIX_HEADER = "KCLibrary/KCLibrary-Prefix.pch";
				OTHER_LDFLAGS = "-ObjC";
				PRODUCT_NAME = "$(TARGET_NAME)";
				SKIP_INSTALL = YES;
			};
			name = Release;
		};
/* End XCBuildConfiguration section */

/* Begin XCConfigurationList section */
		E76BA1E9177653AF001EDCCA /* Build configuration list for PBXProject "KCLibrary" */ = {
			isa = XCConfigurationList;
			buildConfigurations = (
				E76BA1FB177653AF001EDCCA /* Debug */,
				E76BA1FC177653AF001EDCCA /* Release */,
			);
			defaultConfigurationIsVisible = 0;
			defaultConfigurationName = Release;
		};
		E76BA1FD177653AF001EDCCA /* Build configuration list for PBXNativeTarget "KCLibrary" */ = {
			isa = XCConfigurationList;
			buildConfigurations = (
				E76BA1FE177653AF001EDCCA /* Debug */,
				E76BA1FF177653AF001EDCCA /* Release */,
			);
			defaultConfigurationIsVisible = 0;
			defaultConfigurationName = Release;
		};
/* End XCConfigurationList section */
	};
	rootObject = E76BA1E6177653AF001EDCCA /* Project object */;
}
